{
  "object": {
    "pins": [
      {
        "package": "SwiftyToolz",
        "repositoryURL": "https://github.com/flowtoolz/SwiftyToolz.git",
        "state": {
          "branch": "master",
          "revision": "87e8655f5ad7c520527f58b2548a37ad0bfc1cc7",
          "version": null
        }
      }
    ]
  },
  "version": 1
}
