{
  "object": {
    "pins": [
      {
        "package": "SwiftyToolz",
        "repositoryURL": "https://github.com/flowtoolz/SwiftyToolz.git",
        "state": {
          "branch": null,
          "revision": "bb036909332a00bc85785e6d3859332c5cf244b5",
          "version": "1.5.2"
        }
      }
    ]
  },
  "version": 1
}
