PODS:
  - SwiftyToolz (1.4.2)

DEPENDENCIES:
  - SwiftyToolz (~> 1.4)

SPEC REPOS:
  https://github.com/cocoapods/specs.git:
    - SwiftyToolz

SPEC CHECKSUMS:
  SwiftyToolz: c9e9eac8e2e59ca5e2c293593b336a0253603bbd

PODFILE CHECKSUM: 924040763b9b86b14909ef10107580d77dd3b3b1

COCOAPODS: 1.6.0.beta.2
