PODS:
  - SwiftObserver (5.1.0):
    - SwiftyToolz (~> 1.5)
  - SwiftyToolz (1.5.1)

DEPENDENCIES:
  - SwiftObserver (from `../`)

SPEC REPOS:
  trunk:
    - SwiftyToolz

EXTERNAL SOURCES:
  SwiftObserver:
    :path: "../"

SPEC CHECKSUMS:
  SwiftObserver: 8df6b21e7f32f46ec0d37f7022b70ad62e297064
  SwiftyToolz: bd69a6eebc4e4a50846e71875cab0b7e47640814

PODFILE CHECKSUM: 201f993f49f640880e029421032f70f4f75a2779

COCOAPODS: 1.8.4
