PODS:
  - SwiftObserver (1.0.1):
    - SwiftyToolz (= 1.0.0)
  - SwiftyToolz (1.0.0)

DEPENDENCIES:
  - SwiftObserver

SPEC REPOS:
  https://github.com/CocoaPods/Specs.git:
    - SwiftObserver
    - SwiftyToolz

SPEC CHECKSUMS:
  SwiftObserver: 68b901d3a247ecf5384b40750f20a0217dd17016
  SwiftyToolz: 593a3a1dd6e6a7f038efd87bca3d05b3cb0842f4

PODFILE CHECKSUM: 10703abff80a5b9bb6597ba0a114609ee5f045a1

COCOAPODS: 1.5.0
