// !$*UTF8*$!
{
	archiveVersion = 1;
	classes = {
	};
	objectVersion = 48;
	objects = {

/* Begin PBXBuildFile section */
		693F887AC562EF9CC5097E11 /* Pods_SwiftObserverExampleCocoapodsIOS.framework in Frameworks */ = {isa = PBXBuildFile; fileRef = 4D996EF9BCF89767775EEF78 /* Pods_SwiftObserverExampleCocoapodsIOS.framework */; };
		9E50E82C208BF22A000194C1 /* AppDelegate.swift in Sources */ = {isa = PBXBuildFile; fileRef = 9E50E82B208BF22A000194C1 /* AppDelegate.swift */; };
		9E50E82E208BF22A000194C1 /* ViewController.swift in Sources */ = {isa = PBXBuildFile; fileRef = 9E50E82D208BF22A000194C1 /* ViewController.swift */; };
		9E50E831208BF22A000194C1 /* Main.storyboard in Resources */ = {isa = PBXBuildFile; fileRef = 9E50E82F208BF22A000194C1 /* Main.storyboard */; };
		9E50E833208BF22A000194C1 /* Assets.xcassets in Resources */ = {isa = PBXBuildFile; fileRef = 9E50E832208BF22A000194C1 /* Assets.xcassets */; };
		9E50E836208BF22A000194C1 /* LaunchScreen.storyboard in Resources */ = {isa = PBXBuildFile; fileRef = 9E50E834208BF22A000194C1 /* LaunchScreen.storyboard */; };
/* End PBXBuildFile section */

/* Begin PBXFileReference section */
		4D996EF9BCF89767775EEF78 /* Pods_SwiftObserverExampleCocoapodsIOS.framework */ = {isa = PBXFileReference; explicitFileType = wrapper.framework; includeInIndex = 0; path = Pods_SwiftObserverExampleCocoapodsIOS.framework; sourceTree = BUILT_PRODUCTS_DIR; };
		9E50E828208BF22A000194C1 /* SwiftObserverExampleCocoapodsIOS.app */ = {isa = PBXFileReference; explicitFileType = wrapper.application; includeInIndex = 0; path = SwiftObserverExampleCocoapodsIOS.app; sourceTree = BUILT_PRODUCTS_DIR; };
		9E50E82B208BF22A000194C1 /* AppDelegate.swift */ = {isa = PBXFileReference; lastKnownFileType = sourcecode.swift; path = AppDelegate.swift; sourceTree = "<group>"; };
		9E50E82D208BF22A000194C1 /* ViewController.swift */ = {isa = PBXFileReference; lastKnownFileType = sourcecode.swift; path = ViewController.swift; sourceTree = "<group>"; };
		9E50E830208BF22A000194C1 /* Base */ = {isa = PBXFileReference; lastKnownFileType = file.storyboard; name = Base; path = Base.lproj/Main.storyboard; sourceTree = "<group>"; };
		9E50E832208BF22A000194C1 /* Assets.xcassets */ = {isa = PBXFileReference; lastKnownFileType = folder.assetcatalog; path = Assets.xcassets; sourceTree = "<group>"; };
		9E50E835208BF22A000194C1 /* Base */ = {isa = PBXFileReference; lastKnownFileType = file.storyboard; name = Base; path = Base.lproj/LaunchScreen.storyboard; sourceTree = "<group>"; };
		9E50E837208BF22A000194C1 /* Info.plist */ = {isa = PBXFileReference; lastKnownFileType = text.plist.xml; path = Info.plist; sourceTree = "<group>"; };
		B556FFAA998DD79EFAEE92B9 /* Pods-SwiftObserverExampleCocoapodsIOS.debug.xcconfig */ = {isa = PBXFileReference; includeInIndex = 1; lastKnownFileType = text.xcconfig; name = "Pods-SwiftObserverExampleCocoapodsIOS.debug.xcconfig"; path = "Pods/Target Support Files/Pods-SwiftObserverExampleCocoapodsIOS/Pods-SwiftObserverExampleCocoapodsIOS.debug.xcconfig"; sourceTree = "<group>"; };
		EC10C682981446C2071CC881 /* Pods-SwiftObserverExampleCocoapodsIOS.release.xcconfig */ = {isa = PBXFileReference; includeInIndex = 1; lastKnownFileType = text.xcconfig; name = "Pods-SwiftObserverExampleCocoapodsIOS.release.xcconfig"; path = "Pods/Target Support Files/Pods-SwiftObserverExampleCocoapodsIOS/Pods-SwiftObserverExampleCocoapodsIOS.release.xcconfig"; sourceTree = "<group>"; };
/* End PBXFileReference section */

/* Begin PBXFrameworksBuildPhase section */
		9E50E825208BF22A000194C1 /* Frameworks */ = {
			isa = PBXFrameworksBuildPhase;
			buildActionMask = 2147483647;
			files = (
				693F887AC562EF9CC5097E11 /* Pods_SwiftObserverExampleCocoapodsIOS.framework in Frameworks */,
			);
			runOnlyForDeploymentPostprocessing = 0;
		};
/* End PBXFrameworksBuildPhase section */

/* Begin PBXGroup section */
		4CCC07F1FB5198BCCFC29602 /* Pods */ = {
			isa = PBXGroup;
			children = (
				B556FFAA998DD79EFAEE92B9 /* Pods-SwiftObserverExampleCocoapodsIOS.debug.xcconfig */,
				EC10C682981446C2071CC881 /* Pods-SwiftObserverExampleCocoapodsIOS.release.xcconfig */,
			);
			name = Pods;
			sourceTree = "<group>";
		};
		889E40499BB86AC5AECEEC59 /* Frameworks */ = {
			isa = PBXGroup;
			children = (
				4D996EF9BCF89767775EEF78 /* Pods_SwiftObserverExampleCocoapodsIOS.framework */,
			);
			name = Frameworks;
			sourceTree = "<group>";
		};
		9E50E81F208BF22A000194C1 = {
			isa = PBXGroup;
			children = (
				9E50E82A208BF22A000194C1 /* SwiftObserverExampleCocoapodsIOS */,
				9E50E829208BF22A000194C1 /* Products */,
				4CCC07F1FB5198BCCFC29602 /* Pods */,
				889E40499BB86AC5AECEEC59 /* Frameworks */,
			);
			sourceTree = "<group>";
		};
		9E50E829208BF22A000194C1 /* Products */ = {
			isa = PBXGroup;
			children = (
				9E50E828208BF22A000194C1 /* SwiftObserverExampleCocoapodsIOS.app */,
			);
			name = Products;
			sourceTree = "<group>";
		};
		9E50E82A208BF22A000194C1 /* SwiftObserverExampleCocoapodsIOS */ = {
			isa = PBXGroup;
			children = (
				9E50E82B208BF22A000194C1 /* AppDelegate.swift */,
				9E50E82D208BF22A000194C1 /* ViewController.swift */,
				9E50E82F208BF22A000194C1 /* Main.storyboard */,
				9E50E832208BF22A000194C1 /* Assets.xcassets */,
				9E50E834208BF22A000194C1 /* LaunchScreen.storyboard */,
				9E50E837208BF22A000194C1 /* Info.plist */,
			);
			path = SwiftObserverExampleCocoapodsIOS;
			sourceTree = "<group>";
		};
/* End PBXGroup section */

/* Begin PBXNativeTarget section */
		9E50E827208BF22A000194C1 /* SwiftObserverExampleCocoapodsIOS */ = {
			isa = PBXNativeTarget;
			buildConfigurationList = 9E50E83A208BF22A000194C1 /* Build configuration list for PBXNativeTarget "SwiftObserverExampleCocoapodsIOS" */;
			buildPhases = (
				3D8F805A399E920EB28B692B /* [CP] Check Pods Manifest.lock */,
				9E50E824208BF22A000194C1 /* Sources */,
				9E50E825208BF22A000194C1 /* Frameworks */,
				9E50E826208BF22A000194C1 /* Resources */,
			);
			buildRules = (
			);
			dependencies = (
			);
			name = SwiftObserverExampleCocoapodsIOS;
			productName = SwiftObserverExampleCocoapodsIOS;
			productReference = 9E50E828208BF22A000194C1 /* SwiftObserverExampleCocoapodsIOS.app */;
			productType = "com.apple.product-type.application";
		};
/* End PBXNativeTarget section */

/* Begin PBXProject section */
		9E50E820208BF22A000194C1 /* Project object */ = {
			isa = PBXProject;
			attributes = {
				LastSwiftUpdateCheck = 0920;
				LastUpgradeCheck = 0920;
				ORGANIZATIONNAME = Flowtoolz;
				TargetAttributes = {
					9E50E827208BF22A000194C1 = {
						CreatedOnToolsVersion = 9.2;
						ProvisioningStyle = Automatic;
					};
				};
			};
			buildConfigurationList = 9E50E823208BF22A000194C1 /* Build configuration list for PBXProject "SwiftObserverExampleCocoapodsIOS" */;
			compatibilityVersion = "Xcode 8.0";
			developmentRegion = en;
			hasScannedForEncodings = 0;
			knownRegions = (
				en,
				Base,
			);
			mainGroup = 9E50E81F208BF22A000194C1;
			productRefGroup = 9E50E829208BF22A000194C1 /* Products */;
			projectDirPath = "";
			projectRoot = "";
			targets = (
				9E50E827208BF22A000194C1 /* SwiftObserverExampleCocoapodsIOS */,
			);
		};
/* End PBXProject section */

/* Begin PBXResourcesBuildPhase section */
		9E50E826208BF22A000194C1 /* Resources */ = {
			isa = PBXResourcesBuildPhase;
			buildActionMask = 2147483647;
			files = (
				9E50E836208BF22A000194C1 /* LaunchScreen.storyboard in Resources */,
				9E50E833208BF22A000194C1 /* Assets.xcassets in Resources */,
				9E50E831208BF22A000194C1 /* Main.storyboard in Resources */,
			);
			runOnlyForDeploymentPostprocessing = 0;
		};
/* End PBXResourcesBuildPhase section */

/* Begin PBXShellScriptBuildPhase section */
		3D8F805A399E920EB28B692B /* [CP] Check Pods Manifest.lock */ = {
			isa = PBXShellScriptBuildPhase;
			buildActionMask = 2147483647;
			files = (
			);
			inputPaths = (
				"${PODS_PODFILE_DIR_PATH}/Podfile.lock",
				"${PODS_ROOT}/Manifest.lock",
			);
			name = "[CP] Check Pods Manifest.lock";
			outputPaths = (
				"$(DERIVED_FILE_DIR)/Pods-SwiftObserverExampleCocoapodsIOS-checkManifestLockResult.txt",
			);
			runOnlyForDeploymentPostprocessing = 0;
			shellPath = /bin/sh;
			shellScript = "diff \"${PODS_PODFILE_DIR_PATH}/Podfile.lock\" \"${PODS_ROOT}/Manifest.lock\" > /dev/null\nif [ $? != 0 ] ; then\n    # print error to STDERR\n    echo \"error: The sandbox is not in sync with the Podfile.lock. Run 'pod install' or update your CocoaPods installation.\" >&2\n    exit 1\nfi\n# This output is used by Xcode 'outputs' to avoid re-running this script phase.\necho \"SUCCESS\" > \"${SCRIPT_OUTPUT_FILE_0}\"\n";
			showEnvVarsInLog = 0;
		};
/* End PBXShellScriptBuildPhase section */

/* Begin PBXSourcesBuildPhase section */
		9E50E824208BF22A000194C1 /* Sources */ = {
			isa = PBXSourcesBuildPhase;
			buildActionMask = 2147483647;
			files = (
				9E50E82E208BF22A000194C1 /* ViewController.swift in Sources */,
				9E50E82C208BF22A000194C1 /* AppDelegate.swift in Sources */,
			);
			runOnlyForDeploymentPostprocessing = 0;
		};
/* End PBXSourcesBuildPhase section */

/* Begin PBXVariantGroup section */
		9E50E82F208BF22A000194C1 /* Main.storyboard */ = {
			isa = PBXVariantGroup;
			children = (
				9E50E830208BF22A000194C1 /* Base */,
			);
			name = Main.storyboard;
			sourceTree = "<group>";
		};
		9E50E834208BF22A000194C1 /* LaunchScreen.storyboard */ = {
			isa = PBXVariantGroup;
			children = (
				9E50E835208BF22A000194C1 /* Base */,
			);
			name = LaunchScreen.storyboard;
			sourceTree = "<group>";
		};
/* End PBXVariantGroup section */

/* Begin XCBuildConfiguration section */
		9E50E838208BF22A000194C1 /* Debug */ = {
			isa = XCBuildConfiguration;
			buildSettings = {
				ALWAYS_SEARCH_USER_PATHS = NO;
				CLANG_ANALYZER_NONNULL = YES;
				CLANG_ANALYZER_NUMBER_OBJECT_CONVERSION = YES_AGGRESSIVE;
				CLANG_CXX_LANGUAGE_STANDARD = "gnu++14";
				CLANG_CXX_LIBRARY = "libc++";
				CLANG_ENABLE_MODULES = YES;
				CLANG_ENABLE_OBJC_ARC = YES;
				CLANG_WARN_BLOCK_CAPTURE_AUTORELEASING = YES;
				CLANG_WARN_BOOL_CONVERSION = YES;
				CLANG_WARN_COMMA = YES;
				CLANG_WARN_CONSTANT_CONVERSION = YES;
				CLANG_WARN_DIRECT_OBJC_ISA_USAGE = YES_ERROR;
				CLANG_WARN_DOCUMENTATION_COMMENTS = YES;
				CLANG_WARN_EMPTY_BODY = YES;
				CLANG_WARN_ENUM_CONVERSION = YES;
				CLANG_WARN_INFINITE_RECURSION = YES;
				CLANG_WARN_INT_CONVERSION = YES;
				CLANG_WARN_NON_LITERAL_NULL_CONVERSION = YES;
				CLANG_WARN_OBJC_LITERAL_CONVERSION = YES;
				CLANG_WARN_OBJC_ROOT_CLASS = YES_ERROR;
				CLANG_WARN_RANGE_LOOP_ANALYSIS = YES;
				CLANG_WARN_STRICT_PROTOTYPES = YES;
				CLANG_WARN_SUSPICIOUS_MOVE = YES;
				CLANG_WARN_UNGUARDED_AVAILABILITY = YES_AGGRESSIVE;
				CLANG_WARN_UNREACHABLE_CODE = YES;
				CLANG_WARN__DUPLICATE_METHOD_MATCH = YES;
				CODE_SIGN_IDENTITY = "iPhone Developer";
				COPY_PHASE_STRIP = NO;
				DEBUG_INFORMATION_FORMAT = dwarf;
				ENABLE_STRICT_OBJC_MSGSEND = YES;
				ENABLE_TESTABILITY = YES;
				GCC_C_LANGUAGE_STANDARD = gnu11;
				GCC_DYNAMIC_NO_PIC = NO;
				GCC_NO_COMMON_BLOCKS = YES;
				GCC_OPTIMIZATION_LEVEL = 0;
				GCC_PREPROCESSOR_DEFINITIONS = (
					"DEBUG=1",
					"$(inherited)",
				);
				GCC_WARN_64_TO_32_BIT_CONVERSION = YES;
				GCC_WARN_ABOUT_RETURN_TYPE = YES_ERROR;
				GCC_WARN_UNDECLARED_SELECTOR = YES;
				GCC_WARN_UNINITIALIZED_AUTOS = YES_AGGRESSIVE;
				GCC_WARN_UNUSED_FUNCTION = YES;
				GCC_WARN_UNUSED_VARIABLE = YES;
				IPHONEOS_DEPLOYMENT_TARGET = 11.2;
				MTL_ENABLE_DEBUG_INFO = YES;
				ONLY_ACTIVE_ARCH = YES;
				SDKROOT = iphoneos;
				SWIFT_ACTIVE_COMPILATION_CONDITIONS = DEBUG;
				SWIFT_OPTIMIZATION_LEVEL = "-Onone";
			};
			name = Debug;
		};
		9E50E839208BF22A000194C1 /* Release */ = {
			isa = XCBuildConfiguration;
			buildSettings = {
				ALWAYS_SEARCH_USER_PATHS = NO;
				CLANG_ANALYZER_NONNULL = YES;
				CLANG_ANALYZER_NUMBER_OBJECT_CONVERSION = YES_AGGRESSIVE;
				CLANG_CXX_LANGUAGE_STANDARD = "gnu++14";
				CLANG_CXX_LIBRARY = "libc++";
				CLANG_ENABLE_MODULES = YES;
				CLANG_ENABLE_OBJC_ARC = YES;
				CLANG_WARN_BLOCK_CAPTURE_AUTORELEASING = YES;
				CLANG_WARN_BOOL_CONVERSION = YES;
				CLANG_WARN_COMMA = YES;
				CLANG_WARN_CONSTANT_CONVERSION = YES;
				CLANG_WARN_DIRECT_OBJC_ISA_USAGE = YES_ERROR;
				CLANG_WARN_DOCUMENTATION_COMMENTS = YES;
				CLANG_WARN_EMPTY_BODY = YES;
				CLANG_WARN_ENUM_CONVERSION = YES;
				CLANG_WARN_INFINITE_RECURSION = YES;
				CLANG_WARN_INT_CONVERSION = YES;
				CLANG_WARN_NON_LITERAL_NULL_CONVERSION = YES;
				CLANG_WARN_OBJC_LITERAL_CONVERSION = YES;
				CLANG_WARN_OBJC_ROOT_CLASS = YES_ERROR;
				CLANG_WARN_RANGE_LOOP_ANALYSIS = YES;
				CLANG_WARN_STRICT_PROTOTYPES = YES;
				CLANG_WARN_SUSPICIOUS_MOVE = YES;
				CLANG_WARN_UNGUARDED_AVAILABILITY = YES_AGGRESSIVE;
				CLANG_WARN_UNREACHABLE_CODE = YES;
				CLANG_WARN__DUPLICATE_METHOD_MATCH = YES;
				CODE_SIGN_IDENTITY = "iPhone Developer";
				COPY_PHASE_STRIP = NO;
				DEBUG_INFORMATION_FORMAT = "dwarf-with-dsym";
				ENABLE_NS_ASSERTIONS = NO;
				ENABLE_STRICT_OBJC_MSGSEND = YES;
				GCC_C_LANGUAGE_STANDARD = gnu11;
				GCC_NO_COMMON_BLOCKS = YES;
				GCC_WARN_64_TO_32_BIT_CONVERSION = YES;
				GCC_WARN_ABOUT_RETURN_TYPE = YES_ERROR;
				GCC_WARN_UNDECLARED_SELECTOR = YES;
				GCC_WARN_UNINITIALIZED_AUTOS = YES_AGGRESSIVE;
				GCC_WARN_UNUSED_FUNCTION = YES;
				GCC_WARN_UNUSED_VARIABLE = YES;
				IPHONEOS_DEPLOYMENT_TARGET = 11.2;
				MTL_ENABLE_DEBUG_INFO = NO;
				SDKROOT = iphoneos;
				SWIFT_OPTIMIZATION_LEVEL = "-Owholemodule";
				VALIDATE_PRODUCT = YES;
			};
			name = Release;
		};
		9E50E83B208BF22A000194C1 /* Debug */ = {
			isa = XCBuildConfiguration;
			baseConfigurationReference = B556FFAA998DD79EFAEE92B9 /* Pods-SwiftObserverExampleCocoapodsIOS.debug.xcconfig */;
			buildSettings = {
				ASSETCATALOG_COMPILER_APPICON_NAME = AppIcon;
				CODE_SIGN_STYLE = Automatic;
				DEVELOPMENT_TEAM = 8T3R57GCBV;
				INFOPLIST_FILE = SwiftObserverExampleCocoapodsIOS/Info.plist;
				LD_RUNPATH_SEARCH_PATHS = "$(inherited) @executable_path/Frameworks";
				PRODUCT_BUNDLE_IDENTIFIER = com.flowtoolz.SwiftObserverExampleCocoapodsIOS;
				PRODUCT_NAME = "$(TARGET_NAME)";
				SWIFT_VERSION = 4.0;
				TARGETED_DEVICE_FAMILY = "1,2";
			};
			name = Debug;
		};
		9E50E83C208BF22A000194C1 /* Release */ = {
			isa = XCBuildConfiguration;
			baseConfigurationReference = EC10C682981446C2071CC881 /* Pods-SwiftObserverExampleCocoapodsIOS.release.xcconfig */;
			buildSettings = {
				ASSETCATALOG_COMPILER_APPICON_NAME = AppIcon;
				CODE_SIGN_STYLE = Automatic;
				DEVELOPMENT_TEAM = 8T3R57GCBV;
				INFOPLIST_FILE = SwiftObserverExampleCocoapodsIOS/Info.plist;
				LD_RUNPATH_SEARCH_PATHS = "$(inherited) @executable_path/Frameworks";
				PRODUCT_BUNDLE_IDENTIFIER = com.flowtoolz.SwiftObserverExampleCocoapodsIOS;
				PRODUCT_NAME = "$(TARGET_NAME)";
				SWIFT_VERSION = 4.0;
				TARGETED_DEVICE_FAMILY = "1,2";
			};
			name = Release;
		};
/* End XCBuildConfiguration section */

/* Begin XCConfigurationList section */
		9E50E823208BF22A000194C1 /* Build configuration list for PBXProject "SwiftObserverExampleCocoapodsIOS" */ = {
			isa = XCConfigurationList;
			buildConfigurations = (
				9E50E838208BF22A000194C1 /* Debug */,
				9E50E839208BF22A000194C1 /* Release */,
			);
			defaultConfigurationIsVisible = 0;
			defaultConfigurationName = Release;
		};
		9E50E83A208BF22A000194C1 /* Build configuration list for PBXNativeTarget "SwiftObserverExampleCocoapodsIOS" */ = {
			isa = XCConfigurationList;
			buildConfigurations = (
				9E50E83B208BF22A000194C1 /* Debug */,
				9E50E83C208BF22A000194C1 /* Release */,
			);
			defaultConfigurationIsVisible = 0;
			defaultConfigurationName = Release;
		};
/* End XCConfigurationList section */
	};
	rootObject = 9E50E820208BF22A000194C1 /* Project object */;
}
