// !$*UTF8*$!
{
	archiveVersion = 1;
	classes = {
	};
	objectVersion = 50;
	objects = {

/* Begin PBXBuildFile section */
		2E00EB060C5A5BFE232B940E /* Pods_SwiftObserverTests.framework in Frameworks */ = {isa = PBXBuildFile; fileRef = F4BF92FBB88B2B6F8C2E1733 /* Pods_SwiftObserverTests.framework */; };
		5114F2F616B6F98651E20CB3 /* Pods_SwiftObserver.framework in Frameworks */ = {isa = PBXBuildFile; fileRef = 14B81A4C7EEF746AC0D289A2 /* Pods_SwiftObserver.framework */; };
		9E17056121B47C470045581C /* Observer.swift in Sources */ = {isa = PBXBuildFile; fileRef = 9E17055621B47C470045581C /* Observer.swift */; };
		9E17056221B47C470045581C /* Log.swift in Sources */ = {isa = PBXBuildFile; fileRef = 9E17055721B47C470045581C /* Log.swift */; };
		9E17056321B47C470045581C /* Variable+Numeric.swift in Sources */ = {isa = PBXBuildFile; fileRef = 9E17055821B47C470045581C /* Variable+Numeric.swift */; };
		9E17056421B47C470045581C /* Update.swift in Sources */ = {isa = PBXBuildFile; fileRef = 9E17055921B47C470045581C /* Update.swift */; };
		9E17056521B47C470045581C /* ObserverList.swift in Sources */ = {isa = PBXBuildFile; fileRef = 9E17055A21B47C470045581C /* ObserverList.swift */; };
		9E17056621B47C470045581C /* Mapping.swift in Sources */ = {isa = PBXBuildFile; fileRef = 9E17055B21B47C470045581C /* Mapping.swift */; };
		9E17056721B47C470045581C /* Mapping+StandardMappings.swift in Sources */ = {isa = PBXBuildFile; fileRef = 9E17055C21B47C470045581C /* Mapping+StandardMappings.swift */; };
		9E17056821B47C470045581C /* Observable+StandardMappings.swift in Sources */ = {isa = PBXBuildFile; fileRef = 9E17055D21B47C470045581C /* Observable+StandardMappings.swift */; };
		9E17056921B47C470045581C /* Observable.swift in Sources */ = {isa = PBXBuildFile; fileRef = 9E17055E21B47C470045581C /* Observable.swift */; };
		9E17056A21B47C470045581C /* Variable.swift in Sources */ = {isa = PBXBuildFile; fileRef = 9E17055F21B47C470045581C /* Variable.swift */; };
		9E17056B21B47C470045581C /* ObservationService.swift in Sources */ = {isa = PBXBuildFile; fileRef = 9E17056021B47C470045581C /* ObservationService.swift */; };
		9E26039421B88D4D00CE4D53 /* Variable+Equatable.swift in Sources */ = {isa = PBXBuildFile; fileRef = 9E26039321B88D4D00CE4D53 /* Variable+Equatable.swift */; };
		9E26039821B88D7F00CE4D53 /* Variable+ValueAssignment.swift in Sources */ = {isa = PBXBuildFile; fileRef = 9E26039721B88D7F00CE4D53 /* Variable+ValueAssignment.swift */; };
		9E26039A21B891DA00CE4D53 /* Variable+String.swift in Sources */ = {isa = PBXBuildFile; fileRef = 9E26039921B891DA00CE4D53 /* Variable+String.swift */; };
		9E37EDF921B47AC200A594F1 /* SwiftObserver.framework in Frameworks */ = {isa = PBXBuildFile; fileRef = 9E37EDEF21B47AC100A594F1 /* SwiftObserver.framework */; };
		9E37EDFE21B47AC200A594F1 /* SwiftObserverTests.swift in Sources */ = {isa = PBXBuildFile; fileRef = 9E37EDFD21B47AC200A594F1 /* SwiftObserverTests.swift */; };
		9E37EE0021B47AC200A594F1 /* SwiftObserver.h in Headers */ = {isa = PBXBuildFile; fileRef = 9E37EDF221B47AC200A594F1 /* SwiftObserver.h */; settings = {ATTRIBUTES = (Public, ); }; };
		9EA9A0C421B7E9D90067DB30 /* Weak.swift in Sources */ = {isa = PBXBuildFile; fileRef = 9EA9A0C321B7E9D90067DB30 /* Weak.swift */; };
/* End PBXBuildFile section */

/* Begin PBXContainerItemProxy section */
		9E37EDFA21B47AC200A594F1 /* PBXContainerItemProxy */ = {
			isa = PBXContainerItemProxy;
			containerPortal = 9E37EDE621B47AC100A594F1 /* Project object */;
			proxyType = 1;
			remoteGlobalIDString = 9E37EDEE21B47AC100A594F1;
			remoteInfo = SwiftObserver;
		};
/* End PBXContainerItemProxy section */

/* Begin PBXFileReference section */
		14B81A4C7EEF746AC0D289A2 /* Pods_SwiftObserver.framework */ = {isa = PBXFileReference; explicitFileType = wrapper.framework; includeInIndex = 0; path = Pods_SwiftObserver.framework; sourceTree = BUILT_PRODUCTS_DIR; };
		4B0B803B49EF9C2B0C0070FD /* Pods-SwiftObserverTests.debug.xcconfig */ = {isa = PBXFileReference; includeInIndex = 1; lastKnownFileType = text.xcconfig; name = "Pods-SwiftObserverTests.debug.xcconfig"; path = "Target Support Files/Pods-SwiftObserverTests/Pods-SwiftObserverTests.debug.xcconfig"; sourceTree = "<group>"; };
		66FEFE6734356FD7F5ACEA34 /* Pods-SwiftObserverTests.release.xcconfig */ = {isa = PBXFileReference; includeInIndex = 1; lastKnownFileType = text.xcconfig; name = "Pods-SwiftObserverTests.release.xcconfig"; path = "Target Support Files/Pods-SwiftObserverTests/Pods-SwiftObserverTests.release.xcconfig"; sourceTree = "<group>"; };
		7F1DD4355E7C4BAC45278D14 /* Pods-SwiftObserver.release.xcconfig */ = {isa = PBXFileReference; includeInIndex = 1; lastKnownFileType = text.xcconfig; name = "Pods-SwiftObserver.release.xcconfig"; path = "Target Support Files/Pods-SwiftObserver/Pods-SwiftObserver.release.xcconfig"; sourceTree = "<group>"; };
		9E17055621B47C470045581C /* Observer.swift */ = {isa = PBXFileReference; fileEncoding = 4; lastKnownFileType = sourcecode.swift; path = Observer.swift; sourceTree = "<group>"; };
		9E17055721B47C470045581C /* Log.swift */ = {isa = PBXFileReference; fileEncoding = 4; lastKnownFileType = sourcecode.swift; path = Log.swift; sourceTree = "<group>"; };
		9E17055821B47C470045581C /* Variable+Numeric.swift */ = {isa = PBXFileReference; fileEncoding = 4; lastKnownFileType = sourcecode.swift; path = "Variable+Numeric.swift"; sourceTree = "<group>"; };
		9E17055921B47C470045581C /* Update.swift */ = {isa = PBXFileReference; fileEncoding = 4; lastKnownFileType = sourcecode.swift; path = Update.swift; sourceTree = "<group>"; };
		9E17055A21B47C470045581C /* ObserverList.swift */ = {isa = PBXFileReference; fileEncoding = 4; lastKnownFileType = sourcecode.swift; path = ObserverList.swift; sourceTree = "<group>"; };
		9E17055B21B47C470045581C /* Mapping.swift */ = {isa = PBXFileReference; fileEncoding = 4; lastKnownFileType = sourcecode.swift; path = Mapping.swift; sourceTree = "<group>"; };
		9E17055C21B47C470045581C /* Mapping+StandardMappings.swift */ = {isa = PBXFileReference; fileEncoding = 4; lastKnownFileType = sourcecode.swift; path = "Mapping+StandardMappings.swift"; sourceTree = "<group>"; };
		9E17055D21B47C470045581C /* Observable+StandardMappings.swift */ = {isa = PBXFileReference; fileEncoding = 4; lastKnownFileType = sourcecode.swift; path = "Observable+StandardMappings.swift"; sourceTree = "<group>"; };
		9E17055E21B47C470045581C /* Observable.swift */ = {isa = PBXFileReference; fileEncoding = 4; lastKnownFileType = sourcecode.swift; path = Observable.swift; sourceTree = "<group>"; };
		9E17055F21B47C470045581C /* Variable.swift */ = {isa = PBXFileReference; fileEncoding = 4; lastKnownFileType = sourcecode.swift; path = Variable.swift; sourceTree = "<group>"; };
		9E17056021B47C470045581C /* ObservationService.swift */ = {isa = PBXFileReference; fileEncoding = 4; lastKnownFileType = sourcecode.swift; path = ObservationService.swift; sourceTree = "<group>"; };
		9E26039321B88D4D00CE4D53 /* Variable+Equatable.swift */ = {isa = PBXFileReference; lastKnownFileType = sourcecode.swift; path = "Variable+Equatable.swift"; sourceTree = "<group>"; };
		9E26039721B88D7F00CE4D53 /* Variable+ValueAssignment.swift */ = {isa = PBXFileReference; lastKnownFileType = sourcecode.swift; path = "Variable+ValueAssignment.swift"; sourceTree = "<group>"; };
		9E26039921B891DA00CE4D53 /* Variable+String.swift */ = {isa = PBXFileReference; lastKnownFileType = sourcecode.swift; path = "Variable+String.swift"; sourceTree = "<group>"; };
		9E37EDEF21B47AC100A594F1 /* SwiftObserver.framework */ = {isa = PBXFileReference; explicitFileType = wrapper.framework; includeInIndex = 0; path = SwiftObserver.framework; sourceTree = BUILT_PRODUCTS_DIR; };
		9E37EDF221B47AC200A594F1 /* SwiftObserver.h */ = {isa = PBXFileReference; lastKnownFileType = sourcecode.c.h; path = SwiftObserver.h; sourceTree = "<group>"; };
		9E37EDF321B47AC200A594F1 /* Info.plist */ = {isa = PBXFileReference; lastKnownFileType = text.plist.xml; path = Info.plist; sourceTree = "<group>"; };
		9E37EDF821B47AC200A594F1 /* SwiftObserverTests.xctest */ = {isa = PBXFileReference; explicitFileType = wrapper.cfbundle; includeInIndex = 0; path = SwiftObserverTests.xctest; sourceTree = BUILT_PRODUCTS_DIR; };
		9E37EDFD21B47AC200A594F1 /* SwiftObserverTests.swift */ = {isa = PBXFileReference; lastKnownFileType = sourcecode.swift; path = SwiftObserverTests.swift; sourceTree = "<group>"; };
		9E37EDFF21B47AC200A594F1 /* Info.plist */ = {isa = PBXFileReference; lastKnownFileType = text.plist.xml; path = Info.plist; sourceTree = "<group>"; };
		9EA9A0C321B7E9D90067DB30 /* Weak.swift */ = {isa = PBXFileReference; lastKnownFileType = sourcecode.swift; path = Weak.swift; sourceTree = "<group>"; };
		A4789C8F494749332999804A /* Pods-SwiftObserver.debug.xcconfig */ = {isa = PBXFileReference; includeInIndex = 1; lastKnownFileType = text.xcconfig; name = "Pods-SwiftObserver.debug.xcconfig"; path = "Target Support Files/Pods-SwiftObserver/Pods-SwiftObserver.debug.xcconfig"; sourceTree = "<group>"; };
		F4BF92FBB88B2B6F8C2E1733 /* Pods_SwiftObserverTests.framework */ = {isa = PBXFileReference; explicitFileType = wrapper.framework; includeInIndex = 0; path = Pods_SwiftObserverTests.framework; sourceTree = BUILT_PRODUCTS_DIR; };
/* End PBXFileReference section */

/* Begin PBXFrameworksBuildPhase section */
		9E37EDEC21B47AC100A594F1 /* Frameworks */ = {
			isa = PBXFrameworksBuildPhase;
			buildActionMask = 2147483647;
			files = (
				5114F2F616B6F98651E20CB3 /* Pods_SwiftObserver.framework in Frameworks */,
			);
			runOnlyForDeploymentPostprocessing = 0;
		};
		9E37EDF521B47AC200A594F1 /* Frameworks */ = {
			isa = PBXFrameworksBuildPhase;
			buildActionMask = 2147483647;
			files = (
				9E37EDF921B47AC200A594F1 /* SwiftObserver.framework in Frameworks */,
				2E00EB060C5A5BFE232B940E /* Pods_SwiftObserverTests.framework in Frameworks */,
			);
			runOnlyForDeploymentPostprocessing = 0;
		};
/* End PBXFrameworksBuildPhase section */

/* Begin PBXGroup section */
		6C169249C7EC9C7231244327 /* Frameworks */ = {
			isa = PBXGroup;
			children = (
				14B81A4C7EEF746AC0D289A2 /* Pods_SwiftObserver.framework */,
				F4BF92FBB88B2B6F8C2E1733 /* Pods_SwiftObserverTests.framework */,
			);
			name = Frameworks;
			sourceTree = "<group>";
		};
		9E17055521B47C470045581C /* Code */ = {
			isa = PBXGroup;
			children = (
				9E17055621B47C470045581C /* Observer.swift */,
				9E17055721B47C470045581C /* Log.swift */,
				9E17055821B47C470045581C /* Variable+Numeric.swift */,
				9E26039921B891DA00CE4D53 /* Variable+String.swift */,
				9E26039321B88D4D00CE4D53 /* Variable+Equatable.swift */,
				9E26039721B88D7F00CE4D53 /* Variable+ValueAssignment.swift */,
				9E17055921B47C470045581C /* Update.swift */,
				9E17055A21B47C470045581C /* ObserverList.swift */,
				9E17055B21B47C470045581C /* Mapping.swift */,
				9EA9A0C321B7E9D90067DB30 /* Weak.swift */,
				9E17055C21B47C470045581C /* Mapping+StandardMappings.swift */,
				9E17055D21B47C470045581C /* Observable+StandardMappings.swift */,
				9E17055E21B47C470045581C /* Observable.swift */,
				9E17055F21B47C470045581C /* Variable.swift */,
				9E17056021B47C470045581C /* ObservationService.swift */,
			);
			name = Code;
			path = ../Code;
			sourceTree = "<group>";
		};
		9E37EDE521B47AC100A594F1 = {
			isa = PBXGroup;
			children = (
				9E37EDFC21B47AC200A594F1 /* SwiftObserverTests */,
				9E17055521B47C470045581C /* Code */,
				9E37EDF121B47AC100A594F1 /* SwiftObserver */,
				9E37EDF021B47AC100A594F1 /* Products */,
				D8E3DC067226836B85B834D5 /* Pods */,
				6C169249C7EC9C7231244327 /* Frameworks */,
			);
			sourceTree = "<group>";
		};
		9E37EDF021B47AC100A594F1 /* Products */ = {
			isa = PBXGroup;
			children = (
				9E37EDEF21B47AC100A594F1 /* SwiftObserver.framework */,
				9E37EDF821B47AC200A594F1 /* SwiftObserverTests.xctest */,
			);
			name = Products;
			sourceTree = "<group>";
		};
		9E37EDF121B47AC100A594F1 /* SwiftObserver */ = {
			isa = PBXGroup;
			children = (
				9E37EDF221B47AC200A594F1 /* SwiftObserver.h */,
				9E37EDF321B47AC200A594F1 /* Info.plist */,
			);
			path = SwiftObserver;
			sourceTree = "<group>";
		};
		9E37EDFC21B47AC200A594F1 /* SwiftObserverTests */ = {
			isa = PBXGroup;
			children = (
				9E37EDFD21B47AC200A594F1 /* SwiftObserverTests.swift */,
				9E37EDFF21B47AC200A594F1 /* Info.plist */,
			);
			path = SwiftObserverTests;
			sourceTree = "<group>";
		};
		D8E3DC067226836B85B834D5 /* Pods */ = {
			isa = PBXGroup;
			children = (
				A4789C8F494749332999804A /* Pods-SwiftObserver.debug.xcconfig */,
				7F1DD4355E7C4BAC45278D14 /* Pods-SwiftObserver.release.xcconfig */,
				4B0B803B49EF9C2B0C0070FD /* Pods-SwiftObserverTests.debug.xcconfig */,
				66FEFE6734356FD7F5ACEA34 /* Pods-SwiftObserverTests.release.xcconfig */,
			);
			path = Pods;
			sourceTree = "<group>";
		};
/* End PBXGroup section */

/* Begin PBXHeadersBuildPhase section */
		9E37EDEA21B47AC100A594F1 /* Headers */ = {
			isa = PBXHeadersBuildPhase;
			buildActionMask = 2147483647;
			files = (
				9E37EE0021B47AC200A594F1 /* SwiftObserver.h in Headers */,
			);
			runOnlyForDeploymentPostprocessing = 0;
		};
/* End PBXHeadersBuildPhase section */

/* Begin PBXNativeTarget section */
		9E37EDEE21B47AC100A594F1 /* SwiftObserver */ = {
			isa = PBXNativeTarget;
			buildConfigurationList = 9E37EE0321B47AC200A594F1 /* Build configuration list for PBXNativeTarget "SwiftObserver" */;
			buildPhases = (
				90F1B4DFB084EA792FB00D46 /* [CP] Check Pods Manifest.lock */,
				9E37EDEA21B47AC100A594F1 /* Headers */,
				9E37EDEB21B47AC100A594F1 /* Sources */,
				9E37EDEC21B47AC100A594F1 /* Frameworks */,
				9E37EDED21B47AC100A594F1 /* Resources */,
			);
			buildRules = (
			);
			dependencies = (
			);
			name = SwiftObserver;
			productName = SwiftObserver;
			productReference = 9E37EDEF21B47AC100A594F1 /* SwiftObserver.framework */;
			productType = "com.apple.product-type.framework";
		};
		9E37EDF721B47AC200A594F1 /* SwiftObserverTests */ = {
			isa = PBXNativeTarget;
			buildConfigurationList = 9E37EE0621B47AC200A594F1 /* Build configuration list for PBXNativeTarget "SwiftObserverTests" */;
			buildPhases = (
				CF87B7FE4E32665D1EEDCE79 /* [CP] Check Pods Manifest.lock */,
				9E37EDF421B47AC200A594F1 /* Sources */,
				9E37EDF521B47AC200A594F1 /* Frameworks */,
				9E37EDF621B47AC200A594F1 /* Resources */,
				4402DA044F7DCDE455320022 /* [CP] Embed Pods Frameworks */,
			);
			buildRules = (
			);
			dependencies = (
				9E37EDFB21B47AC200A594F1 /* PBXTargetDependency */,
			);
			name = SwiftObserverTests;
			productName = SwiftObserverTests;
			productReference = 9E37EDF821B47AC200A594F1 /* SwiftObserverTests.xctest */;
			productType = "com.apple.product-type.bundle.unit-test";
		};
/* End PBXNativeTarget section */

/* Begin PBXProject section */
		9E37EDE621B47AC100A594F1 /* Project object */ = {
			isa = PBXProject;
			attributes = {
				LastSwiftUpdateCheck = 1010;
				LastUpgradeCheck = 1010;
				ORGANIZATIONNAME = Flowtoolz;
				TargetAttributes = {
					9E37EDEE21B47AC100A594F1 = {
						CreatedOnToolsVersion = 10.1;
					};
					9E37EDF721B47AC200A594F1 = {
						CreatedOnToolsVersion = 10.1;
					};
				};
			};
			buildConfigurationList = 9E37EDE921B47AC100A594F1 /* Build configuration list for PBXProject "SwiftObserver" */;
			compatibilityVersion = "Xcode 9.3";
			developmentRegion = en;
			hasScannedForEncodings = 0;
			knownRegions = (
				en,
			);
			mainGroup = 9E37EDE521B47AC100A594F1;
			productRefGroup = 9E37EDF021B47AC100A594F1 /* Products */;
			projectDirPath = "";
			projectRoot = "";
			targets = (
				9E37EDEE21B47AC100A594F1 /* SwiftObserver */,
				9E37EDF721B47AC200A594F1 /* SwiftObserverTests */,
			);
		};
/* End PBXProject section */

/* Begin PBXResourcesBuildPhase section */
		9E37EDED21B47AC100A594F1 /* Resources */ = {
			isa = PBXResourcesBuildPhase;
			buildActionMask = 2147483647;
			files = (
			);
			runOnlyForDeploymentPostprocessing = 0;
		};
		9E37EDF621B47AC200A594F1 /* Resources */ = {
			isa = PBXResourcesBuildPhase;
			buildActionMask = 2147483647;
			files = (
			);
			runOnlyForDeploymentPostprocessing = 0;
		};
/* End PBXResourcesBuildPhase section */

/* Begin PBXShellScriptBuildPhase section */
		4402DA044F7DCDE455320022 /* [CP] Embed Pods Frameworks */ = {
			isa = PBXShellScriptBuildPhase;
			buildActionMask = 2147483647;
			files = (
			);
			inputFileListPaths = (
			);
			inputPaths = (
				"${PODS_ROOT}/Target Support Files/Pods-SwiftObserverTests/Pods-SwiftObserverTests-frameworks.sh",
				"${BUILT_PRODUCTS_DIR}/SwiftyToolz/SwiftyToolz.framework",
			);
			name = "[CP] Embed Pods Frameworks";
			outputFileListPaths = (
			);
			outputPaths = (
				"${TARGET_BUILD_DIR}/${FRAMEWORKS_FOLDER_PATH}/SwiftyToolz.framework",
			);
			runOnlyForDeploymentPostprocessing = 0;
			shellPath = /bin/sh;
			shellScript = "\"${PODS_ROOT}/Target Support Files/Pods-SwiftObserverTests/Pods-SwiftObserverTests-frameworks.sh\"\n";
			showEnvVarsInLog = 0;
		};
		90F1B4DFB084EA792FB00D46 /* [CP] Check Pods Manifest.lock */ = {
			isa = PBXShellScriptBuildPhase;
			buildActionMask = 2147483647;
			files = (
			);
			inputFileListPaths = (
			);
			inputPaths = (
				"${PODS_PODFILE_DIR_PATH}/Podfile.lock",
				"${PODS_ROOT}/Manifest.lock",
			);
			name = "[CP] Check Pods Manifest.lock";
			outputFileListPaths = (
			);
			outputPaths = (
				"$(DERIVED_FILE_DIR)/Pods-SwiftObserver-checkManifestLockResult.txt",
			);
			runOnlyForDeploymentPostprocessing = 0;
			shellPath = /bin/sh;
			shellScript = "diff \"${PODS_PODFILE_DIR_PATH}/Podfile.lock\" \"${PODS_ROOT}/Manifest.lock\" > /dev/null\nif [ $? != 0 ] ; then\n    # print error to STDERR\n    echo \"error: The sandbox is not in sync with the Podfile.lock. Run 'pod install' or update your CocoaPods installation.\" >&2\n    exit 1\nfi\n# This output is used by Xcode 'outputs' to avoid re-running this script phase.\necho \"SUCCESS\" > \"${SCRIPT_OUTPUT_FILE_0}\"\n";
			showEnvVarsInLog = 0;
		};
		CF87B7FE4E32665D1EEDCE79 /* [CP] Check Pods Manifest.lock */ = {
			isa = PBXShellScriptBuildPhase;
			buildActionMask = 2147483647;
			files = (
			);
			inputFileListPaths = (
			);
			inputPaths = (
				"${PODS_PODFILE_DIR_PATH}/Podfile.lock",
				"${PODS_ROOT}/Manifest.lock",
			);
			name = "[CP] Check Pods Manifest.lock";
			outputFileListPaths = (
			);
			outputPaths = (
				"$(DERIVED_FILE_DIR)/Pods-SwiftObserverTests-checkManifestLockResult.txt",
			);
			runOnlyForDeploymentPostprocessing = 0;
			shellPath = /bin/sh;
			shellScript = "diff \"${PODS_PODFILE_DIR_PATH}/Podfile.lock\" \"${PODS_ROOT}/Manifest.lock\" > /dev/null\nif [ $? != 0 ] ; then\n    # print error to STDERR\n    echo \"error: The sandbox is not in sync with the Podfile.lock. Run 'pod install' or update your CocoaPods installation.\" >&2\n    exit 1\nfi\n# This output is used by Xcode 'outputs' to avoid re-running this script phase.\necho \"SUCCESS\" > \"${SCRIPT_OUTPUT_FILE_0}\"\n";
			showEnvVarsInLog = 0;
		};
/* End PBXShellScriptBuildPhase section */

/* Begin PBXSourcesBuildPhase section */
		9E37EDEB21B47AC100A594F1 /* Sources */ = {
			isa = PBXSourcesBuildPhase;
			buildActionMask = 2147483647;
			files = (
				9EA9A0C421B7E9D90067DB30 /* Weak.swift in Sources */,
				9E17056621B47C470045581C /* Mapping.swift in Sources */,
				9E17056321B47C470045581C /* Variable+Numeric.swift in Sources */,
				9E26039A21B891DA00CE4D53 /* Variable+String.swift in Sources */,
				9E17056721B47C470045581C /* Mapping+StandardMappings.swift in Sources */,
				9E17056221B47C470045581C /* Log.swift in Sources */,
				9E17056B21B47C470045581C /* ObservationService.swift in Sources */,
				9E17056921B47C470045581C /* Observable.swift in Sources */,
				9E26039421B88D4D00CE4D53 /* Variable+Equatable.swift in Sources */,
				9E17056821B47C470045581C /* Observable+StandardMappings.swift in Sources */,
				9E17056421B47C470045581C /* Update.swift in Sources */,
				9E26039821B88D7F00CE4D53 /* Variable+ValueAssignment.swift in Sources */,
				9E17056121B47C470045581C /* Observer.swift in Sources */,
				9E17056521B47C470045581C /* ObserverList.swift in Sources */,
				9E17056A21B47C470045581C /* Variable.swift in Sources */,
			);
			runOnlyForDeploymentPostprocessing = 0;
		};
		9E37EDF421B47AC200A594F1 /* Sources */ = {
			isa = PBXSourcesBuildPhase;
			buildActionMask = 2147483647;
			files = (
				9E37EDFE21B47AC200A594F1 /* SwiftObserverTests.swift in Sources */,
			);
			runOnlyForDeploymentPostprocessing = 0;
		};
/* End PBXSourcesBuildPhase section */

/* Begin PBXTargetDependency section */
		9E37EDFB21B47AC200A594F1 /* PBXTargetDependency */ = {
			isa = PBXTargetDependency;
			target = 9E37EDEE21B47AC100A594F1 /* SwiftObserver */;
			targetProxy = 9E37EDFA21B47AC200A594F1 /* PBXContainerItemProxy */;
		};
/* End PBXTargetDependency section */

/* Begin XCBuildConfiguration section */
		9E37EE0121B47AC200A594F1 /* Debug */ = {
			isa = XCBuildConfiguration;
			buildSettings = {
				ALWAYS_SEARCH_USER_PATHS = NO;
				CLANG_ANALYZER_NONNULL = YES;
				CLANG_ANALYZER_NUMBER_OBJECT_CONVERSION = YES_AGGRESSIVE;
				CLANG_CXX_LANGUAGE_STANDARD = "gnu++14";
				CLANG_CXX_LIBRARY = "libc++";
				CLANG_ENABLE_MODULES = YES;
				CLANG_ENABLE_OBJC_ARC = YES;
				CLANG_ENABLE_OBJC_WEAK = YES;
				CLANG_WARN_BLOCK_CAPTURE_AUTORELEASING = YES;
				CLANG_WARN_BOOL_CONVERSION = YES;
				CLANG_WARN_COMMA = YES;
				CLANG_WARN_CONSTANT_CONVERSION = YES;
				CLANG_WARN_DEPRECATED_OBJC_IMPLEMENTATIONS = YES;
				CLANG_WARN_DIRECT_OBJC_ISA_USAGE = YES_ERROR;
				CLANG_WARN_DOCUMENTATION_COMMENTS = YES;
				CLANG_WARN_EMPTY_BODY = YES;
				CLANG_WARN_ENUM_CONVERSION = YES;
				CLANG_WARN_INFINITE_RECURSION = YES;
				CLANG_WARN_INT_CONVERSION = YES;
				CLANG_WARN_NON_LITERAL_NULL_CONVERSION = YES;
				CLANG_WARN_OBJC_IMPLICIT_RETAIN_SELF = YES;
				CLANG_WARN_OBJC_LITERAL_CONVERSION = YES;
				CLANG_WARN_OBJC_ROOT_CLASS = YES_ERROR;
				CLANG_WARN_RANGE_LOOP_ANALYSIS = YES;
				CLANG_WARN_STRICT_PROTOTYPES = YES;
				CLANG_WARN_SUSPICIOUS_MOVE = YES;
				CLANG_WARN_UNGUARDED_AVAILABILITY = YES_AGGRESSIVE;
				CLANG_WARN_UNREACHABLE_CODE = YES;
				CLANG_WARN__DUPLICATE_METHOD_MATCH = YES;
				CODE_SIGN_IDENTITY = "-";
				COPY_PHASE_STRIP = NO;
				CURRENT_PROJECT_VERSION = 1;
				DEBUG_INFORMATION_FORMAT = dwarf;
				ENABLE_STRICT_OBJC_MSGSEND = YES;
				ENABLE_TESTABILITY = YES;
				GCC_C_LANGUAGE_STANDARD = gnu11;
				GCC_DYNAMIC_NO_PIC = NO;
				GCC_NO_COMMON_BLOCKS = YES;
				GCC_OPTIMIZATION_LEVEL = 0;
				GCC_PREPROCESSOR_DEFINITIONS = (
					"DEBUG=1",
					"$(inherited)",
				);
				GCC_WARN_64_TO_32_BIT_CONVERSION = YES;
				GCC_WARN_ABOUT_RETURN_TYPE = YES_ERROR;
				GCC_WARN_UNDECLARED_SELECTOR = YES;
				GCC_WARN_UNINITIALIZED_AUTOS = YES_AGGRESSIVE;
				GCC_WARN_UNUSED_FUNCTION = YES;
				GCC_WARN_UNUSED_VARIABLE = YES;
				MACOSX_DEPLOYMENT_TARGET = 10.14;
				MTL_ENABLE_DEBUG_INFO = INCLUDE_SOURCE;
				MTL_FAST_MATH = YES;
				ONLY_ACTIVE_ARCH = YES;
				SDKROOT = macosx;
				SWIFT_ACTIVE_COMPILATION_CONDITIONS = DEBUG;
				SWIFT_OPTIMIZATION_LEVEL = "-Onone";
				VERSIONING_SYSTEM = "apple-generic";
				VERSION_INFO_PREFIX = "";
			};
			name = Debug;
		};
		9E37EE0221B47AC200A594F1 /* Release */ = {
			isa = XCBuildConfiguration;
			buildSettings = {
				ALWAYS_SEARCH_USER_PATHS = NO;
				CLANG_ANALYZER_NONNULL = YES;
				CLANG_ANALYZER_NUMBER_OBJECT_CONVERSION = YES_AGGRESSIVE;
				CLANG_CXX_LANGUAGE_STANDARD = "gnu++14";
				CLANG_CXX_LIBRARY = "libc++";
				CLANG_ENABLE_MODULES = YES;
				CLANG_ENABLE_OBJC_ARC = YES;
				CLANG_ENABLE_OBJC_WEAK = YES;
				CLANG_WARN_BLOCK_CAPTURE_AUTORELEASING = YES;
				CLANG_WARN_BOOL_CONVERSION = YES;
				CLANG_WARN_COMMA = YES;
				CLANG_WARN_CONSTANT_CONVERSION = YES;
				CLANG_WARN_DEPRECATED_OBJC_IMPLEMENTATIONS = YES;
				CLANG_WARN_DIRECT_OBJC_ISA_USAGE = YES_ERROR;
				CLANG_WARN_DOCUMENTATION_COMMENTS = YES;
				CLANG_WARN_EMPTY_BODY = YES;
				CLANG_WARN_ENUM_CONVERSION = YES;
				CLANG_WARN_INFINITE_RECURSION = YES;
				CLANG_WARN_INT_CONVERSION = YES;
				CLANG_WARN_NON_LITERAL_NULL_CONVERSION = YES;
				CLANG_WARN_OBJC_IMPLICIT_RETAIN_SELF = YES;
				CLANG_WARN_OBJC_LITERAL_CONVERSION = YES;
				CLANG_WARN_OBJC_ROOT_CLASS = YES_ERROR;
				CLANG_WARN_RANGE_LOOP_ANALYSIS = YES;
				CLANG_WARN_STRICT_PROTOTYPES = YES;
				CLANG_WARN_SUSPICIOUS_MOVE = YES;
				CLANG_WARN_UNGUARDED_AVAILABILITY = YES_AGGRESSIVE;
				CLANG_WARN_UNREACHABLE_CODE = YES;
				CLANG_WARN__DUPLICATE_METHOD_MATCH = YES;
				CODE_SIGN_IDENTITY = "-";
				COPY_PHASE_STRIP = NO;
				CURRENT_PROJECT_VERSION = 1;
				DEBUG_INFORMATION_FORMAT = "dwarf-with-dsym";
				ENABLE_NS_ASSERTIONS = NO;
				ENABLE_STRICT_OBJC_MSGSEND = YES;
				GCC_C_LANGUAGE_STANDARD = gnu11;
				GCC_NO_COMMON_BLOCKS = YES;
				GCC_WARN_64_TO_32_BIT_CONVERSION = YES;
				GCC_WARN_ABOUT_RETURN_TYPE = YES_ERROR;
				GCC_WARN_UNDECLARED_SELECTOR = YES;
				GCC_WARN_UNINITIALIZED_AUTOS = YES_AGGRESSIVE;
				GCC_WARN_UNUSED_FUNCTION = YES;
				GCC_WARN_UNUSED_VARIABLE = YES;
				MACOSX_DEPLOYMENT_TARGET = 10.14;
				MTL_ENABLE_DEBUG_INFO = NO;
				MTL_FAST_MATH = YES;
				SDKROOT = macosx;
				SWIFT_COMPILATION_MODE = wholemodule;
				SWIFT_OPTIMIZATION_LEVEL = "-O";
				VERSIONING_SYSTEM = "apple-generic";
				VERSION_INFO_PREFIX = "";
			};
			name = Release;
		};
		9E37EE0421B47AC200A594F1 /* Debug */ = {
			isa = XCBuildConfiguration;
			baseConfigurationReference = A4789C8F494749332999804A /* Pods-SwiftObserver.debug.xcconfig */;
			buildSettings = {
				CODE_SIGN_IDENTITY = "";
				CODE_SIGN_STYLE = Automatic;
				COMBINE_HIDPI_IMAGES = YES;
				DEFINES_MODULE = YES;
				DYLIB_COMPATIBILITY_VERSION = 1;
				DYLIB_CURRENT_VERSION = 1;
				DYLIB_INSTALL_NAME_BASE = "@rpath";
				FRAMEWORK_VERSION = A;
				INFOPLIST_FILE = SwiftObserver/Info.plist;
				INSTALL_PATH = "$(LOCAL_LIBRARY_DIR)/Frameworks";
				LD_RUNPATH_SEARCH_PATHS = (
					"$(inherited)",
					"@executable_path/../Frameworks",
					"@loader_path/Frameworks",
				);
				PRODUCT_BUNDLE_IDENTIFIER = com.flowtoolz.SwiftObserver;
				PRODUCT_NAME = "$(TARGET_NAME:c99extidentifier)";
				SKIP_INSTALL = YES;
				SWIFT_VERSION = 4.2;
			};
			name = Debug;
		};
		9E37EE0521B47AC200A594F1 /* Release */ = {
			isa = XCBuildConfiguration;
			baseConfigurationReference = 7F1DD4355E7C4BAC45278D14 /* Pods-SwiftObserver.release.xcconfig */;
			buildSettings = {
				CODE_SIGN_IDENTITY = "";
				CODE_SIGN_STYLE = Automatic;
				COMBINE_HIDPI_IMAGES = YES;
				DEFINES_MODULE = YES;
				DYLIB_COMPATIBILITY_VERSION = 1;
				DYLIB_CURRENT_VERSION = 1;
				DYLIB_INSTALL_NAME_BASE = "@rpath";
				FRAMEWORK_VERSION = A;
				INFOPLIST_FILE = SwiftObserver/Info.plist;
				INSTALL_PATH = "$(LOCAL_LIBRARY_DIR)/Frameworks";
				LD_RUNPATH_SEARCH_PATHS = (
					"$(inherited)",
					"@executable_path/../Frameworks",
					"@loader_path/Frameworks",
				);
				PRODUCT_BUNDLE_IDENTIFIER = com.flowtoolz.SwiftObserver;
				PRODUCT_NAME = "$(TARGET_NAME:c99extidentifier)";
				SKIP_INSTALL = YES;
				SWIFT_VERSION = 4.2;
			};
			name = Release;
		};
		9E37EE0721B47AC200A594F1 /* Debug */ = {
			isa = XCBuildConfiguration;
			baseConfigurationReference = 4B0B803B49EF9C2B0C0070FD /* Pods-SwiftObserverTests.debug.xcconfig */;
			buildSettings = {
				ALWAYS_EMBED_SWIFT_STANDARD_LIBRARIES = YES;
				CODE_SIGN_STYLE = Automatic;
				COMBINE_HIDPI_IMAGES = YES;
				INFOPLIST_FILE = SwiftObserverTests/Info.plist;
				LD_RUNPATH_SEARCH_PATHS = (
					"$(inherited)",
					"@executable_path/../Frameworks",
					"@loader_path/../Frameworks",
				);
				PRODUCT_BUNDLE_IDENTIFIER = com.flowtoolz.SwiftObserverTests;
				PRODUCT_NAME = "$(TARGET_NAME)";
				SWIFT_VERSION = 4.2;
			};
			name = Debug;
		};
		9E37EE0821B47AC200A594F1 /* Release */ = {
			isa = XCBuildConfiguration;
			baseConfigurationReference = 66FEFE6734356FD7F5ACEA34 /* Pods-SwiftObserverTests.release.xcconfig */;
			buildSettings = {
				ALWAYS_EMBED_SWIFT_STANDARD_LIBRARIES = YES;
				CODE_SIGN_STYLE = Automatic;
				COMBINE_HIDPI_IMAGES = YES;
				INFOPLIST_FILE = SwiftObserverTests/Info.plist;
				LD_RUNPATH_SEARCH_PATHS = (
					"$(inherited)",
					"@executable_path/../Frameworks",
					"@loader_path/../Frameworks",
				);
				PRODUCT_BUNDLE_IDENTIFIER = com.flowtoolz.SwiftObserverTests;
				PRODUCT_NAME = "$(TARGET_NAME)";
				SWIFT_VERSION = 4.2;
			};
			name = Release;
		};
/* End XCBuildConfiguration section */

/* Begin XCConfigurationList section */
		9E37EDE921B47AC100A594F1 /* Build configuration list for PBXProject "SwiftObserver" */ = {
			isa = XCConfigurationList;
			buildConfigurations = (
				9E37EE0121B47AC200A594F1 /* Debug */,
				9E37EE0221B47AC200A594F1 /* Release */,
			);
			defaultConfigurationIsVisible = 0;
			defaultConfigurationName = Release;
		};
		9E37EE0321B47AC200A594F1 /* Build configuration list for PBXNativeTarget "SwiftObserver" */ = {
			isa = XCConfigurationList;
			buildConfigurations = (
				9E37EE0421B47AC200A594F1 /* Debug */,
				9E37EE0521B47AC200A594F1 /* Release */,
			);
			defaultConfigurationIsVisible = 0;
			defaultConfigurationName = Release;
		};
		9E37EE0621B47AC200A594F1 /* Build configuration list for PBXNativeTarget "SwiftObserverTests" */ = {
			isa = XCConfigurationList;
			buildConfigurations = (
				9E37EE0721B47AC200A594F1 /* Debug */,
				9E37EE0821B47AC200A594F1 /* Release */,
			);
			defaultConfigurationIsVisible = 0;
			defaultConfigurationName = Release;
		};
/* End XCConfigurationList section */
	};
	rootObject = 9E37EDE621B47AC100A594F1 /* Project object */;
}
