{
  "object": {
    "pins": [
      {
        "package": "SwiftObserver",
        "repositoryURL": "https://github.com/flowtoolz/SwiftObserver.git",
        "state": {
          "branch": null,
          "revision": "33cddb392652d065af05f826cf448512bdf1d37d",
          "version": "5.1.0"
        }
      },
      {
        "package": "SwiftyToolz",
        "repositoryURL": "https://github.com/flowtoolz/SwiftyToolz.git",
        "state": {
          "branch": null,
          "revision": "600160af5430cac445cc7b881ee90c157f9e0f10",
          "version": "1.4.3"
        }
      }
    ]
  },
  "version": 1
}
