// !$*UTF8*$!
{
	archiveVersion = 1;
	classes = {
	};
	objectVersion = 48;
	objects = {

/* Begin PBXBuildFile section */
		9E4525E821C2D6C8008B2EEB /* SwiftyToolz.framework in Frameworks */ = {isa = PBXBuildFile; fileRef = 9E4525E721C2D6C8008B2EEB /* SwiftyToolz.framework */; };
		9E5670B021C2D294000498B5 /* Observer.swift in Sources */ = {isa = PBXBuildFile; fileRef = 9E56709C21C2D294000498B5 /* Observer.swift */; };
		9E5670B121C2D294000498B5 /* Messenger.swift in Sources */ = {isa = PBXBuildFile; fileRef = 9E56709D21C2D294000498B5 /* Messenger.swift */; };
		9E5670B221C2D294000498B5 /* Variable+Numeric.swift in Sources */ = {isa = PBXBuildFile; fileRef = 9E56709E21C2D294000498B5 /* Variable+Numeric.swift */; };
		9E5670B321C2D294000498B5 /* ObservableObject.swift in Sources */ = {isa = PBXBuildFile; fileRef = 9E56709F21C2D294000498B5 /* ObservableObject.swift */; };
		9E5670B421C2D294000498B5 /* Update.swift in Sources */ = {isa = PBXBuildFile; fileRef = 9E5670A021C2D294000498B5 /* Update.swift */; };
		9E5670B521C2D294000498B5 /* ObserverList.swift in Sources */ = {isa = PBXBuildFile; fileRef = 9E5670A121C2D294000498B5 /* ObserverList.swift */; };
		9E5670B621C2D294000498B5 /* Variable+Equatable.swift in Sources */ = {isa = PBXBuildFile; fileRef = 9E5670A221C2D294000498B5 /* Variable+Equatable.swift */; };
		9E5670B721C2D294000498B5 /* Mapping.swift in Sources */ = {isa = PBXBuildFile; fileRef = 9E5670A321C2D294000498B5 /* Mapping.swift */; };
		9E5670B821C2D294000498B5 /* Mapping+StandardMappings.swift in Sources */ = {isa = PBXBuildFile; fileRef = 9E5670A421C2D294000498B5 /* Mapping+StandardMappings.swift */; };
		9E5670B921C2D294000498B5 /* FunctionalHelpers.swift in Sources */ = {isa = PBXBuildFile; fileRef = 9E5670A521C2D294000498B5 /* FunctionalHelpers.swift */; };
		9E5670BA21C2D294000498B5 /* Variable+ValueAssignment.swift in Sources */ = {isa = PBXBuildFile; fileRef = 9E5670A621C2D294000498B5 /* Variable+ValueAssignment.swift */; };
		9E5670BB21C2D294000498B5 /* Observer+ObservationMapper.swift in Sources */ = {isa = PBXBuildFile; fileRef = 9E5670A721C2D294000498B5 /* Observer+ObservationMapper.swift */; };
		9E5670BC21C2D294000498B5 /* Variable+String.swift in Sources */ = {isa = PBXBuildFile; fileRef = 9E5670A821C2D294000498B5 /* Variable+String.swift */; };
		9E5670BD21C2D294000498B5 /* Observable+StandardMappings.swift in Sources */ = {isa = PBXBuildFile; fileRef = 9E5670A921C2D294000498B5 /* Observable+StandardMappings.swift */; };
		9E5670BE21C2D294000498B5 /* Observable.swift in Sources */ = {isa = PBXBuildFile; fileRef = 9E5670AA21C2D294000498B5 /* Observable.swift */; };
		9E5670BF21C2D294000498B5 /* Variable.swift in Sources */ = {isa = PBXBuildFile; fileRef = 9E5670AB21C2D294000498B5 /* Variable.swift */; };
		9E5670C021C2D294000498B5 /* ObservationService.swift in Sources */ = {isa = PBXBuildFile; fileRef = 9E5670AC21C2D294000498B5 /* ObservationService.swift */; };
		9E5670C121C2D294000498B5 /* Variable+Comparable.swift in Sources */ = {isa = PBXBuildFile; fileRef = 9E5670AD21C2D294000498B5 /* Variable+Comparable.swift */; };
		9E5670C221C2D294000498B5 /* ObservationMapper+StandardMappings.swift in Sources */ = {isa = PBXBuildFile; fileRef = 9E5670AE21C2D294000498B5 /* ObservationMapper+StandardMappings.swift */; };
		9E5670C321C2D294000498B5 /* Weak.swift in Sources */ = {isa = PBXBuildFile; fileRef = 9E5670AF21C2D294000498B5 /* Weak.swift */; };
/* End PBXBuildFile section */

/* Begin PBXFileReference section */
		9E4525E721C2D6C8008B2EEB /* SwiftyToolz.framework */ = {isa = PBXFileReference; lastKnownFileType = wrapper.framework; name = SwiftyToolz.framework; path = Carthage/Build/iOS/SwiftyToolz.framework; sourceTree = "<group>"; };
		9E56709C21C2D294000498B5 /* Observer.swift */ = {isa = PBXFileReference; fileEncoding = 4; lastKnownFileType = sourcecode.swift; path = Observer.swift; sourceTree = "<group>"; };
		9E56709D21C2D294000498B5 /* Messenger.swift */ = {isa = PBXFileReference; fileEncoding = 4; lastKnownFileType = sourcecode.swift; path = Messenger.swift; sourceTree = "<group>"; };
		9E56709E21C2D294000498B5 /* Variable+Numeric.swift */ = {isa = PBXFileReference; fileEncoding = 4; lastKnownFileType = sourcecode.swift; path = "Variable+Numeric.swift"; sourceTree = "<group>"; };
		9E56709F21C2D294000498B5 /* ObservableObject.swift */ = {isa = PBXFileReference; fileEncoding = 4; lastKnownFileType = sourcecode.swift; path = ObservableObject.swift; sourceTree = "<group>"; };
		9E5670A021C2D294000498B5 /* Update.swift */ = {isa = PBXFileReference; fileEncoding = 4; lastKnownFileType = sourcecode.swift; path = Update.swift; sourceTree = "<group>"; };
		9E5670A121C2D294000498B5 /* ObserverList.swift */ = {isa = PBXFileReference; fileEncoding = 4; lastKnownFileType = sourcecode.swift; path = ObserverList.swift; sourceTree = "<group>"; };
		9E5670A221C2D294000498B5 /* Variable+Equatable.swift */ = {isa = PBXFileReference; fileEncoding = 4; lastKnownFileType = sourcecode.swift; path = "Variable+Equatable.swift"; sourceTree = "<group>"; };
		9E5670A321C2D294000498B5 /* Mapping.swift */ = {isa = PBXFileReference; fileEncoding = 4; lastKnownFileType = sourcecode.swift; path = Mapping.swift; sourceTree = "<group>"; };
		9E5670A421C2D294000498B5 /* Mapping+StandardMappings.swift */ = {isa = PBXFileReference; fileEncoding = 4; lastKnownFileType = sourcecode.swift; path = "Mapping+StandardMappings.swift"; sourceTree = "<group>"; };
		9E5670A521C2D294000498B5 /* FunctionalHelpers.swift */ = {isa = PBXFileReference; fileEncoding = 4; lastKnownFileType = sourcecode.swift; path = FunctionalHelpers.swift; sourceTree = "<group>"; };
		9E5670A621C2D294000498B5 /* Variable+ValueAssignment.swift */ = {isa = PBXFileReference; fileEncoding = 4; lastKnownFileType = sourcecode.swift; path = "Variable+ValueAssignment.swift"; sourceTree = "<group>"; };
		9E5670A721C2D294000498B5 /* Observer+ObservationMapper.swift */ = {isa = PBXFileReference; fileEncoding = 4; lastKnownFileType = sourcecode.swift; path = "Observer+ObservationMapper.swift"; sourceTree = "<group>"; };
		9E5670A821C2D294000498B5 /* Variable+String.swift */ = {isa = PBXFileReference; fileEncoding = 4; lastKnownFileType = sourcecode.swift; path = "Variable+String.swift"; sourceTree = "<group>"; };
		9E5670A921C2D294000498B5 /* Observable+StandardMappings.swift */ = {isa = PBXFileReference; fileEncoding = 4; lastKnownFileType = sourcecode.swift; path = "Observable+StandardMappings.swift"; sourceTree = "<group>"; };
		9E5670AA21C2D294000498B5 /* Observable.swift */ = {isa = PBXFileReference; fileEncoding = 4; lastKnownFileType = sourcecode.swift; path = Observable.swift; sourceTree = "<group>"; };
		9E5670AB21C2D294000498B5 /* Variable.swift */ = {isa = PBXFileReference; fileEncoding = 4; lastKnownFileType = sourcecode.swift; path = Variable.swift; sourceTree = "<group>"; };
		9E5670AC21C2D294000498B5 /* ObservationService.swift */ = {isa = PBXFileReference; fileEncoding = 4; lastKnownFileType = sourcecode.swift; path = ObservationService.swift; sourceTree = "<group>"; };
		9E5670AD21C2D294000498B5 /* Variable+Comparable.swift */ = {isa = PBXFileReference; fileEncoding = 4; lastKnownFileType = sourcecode.swift; path = "Variable+Comparable.swift"; sourceTree = "<group>"; };
		9E5670AE21C2D294000498B5 /* ObservationMapper+StandardMappings.swift */ = {isa = PBXFileReference; fileEncoding = 4; lastKnownFileType = sourcecode.swift; path = "ObservationMapper+StandardMappings.swift"; sourceTree = "<group>"; };
		9E5670AF21C2D294000498B5 /* Weak.swift */ = {isa = PBXFileReference; fileEncoding = 4; lastKnownFileType = sourcecode.swift; path = Weak.swift; sourceTree = "<group>"; };
		9ED92565208B48F7000E74B4 /* SwiftObserver.framework */ = {isa = PBXFileReference; explicitFileType = wrapper.framework; includeInIndex = 0; path = SwiftObserver.framework; sourceTree = BUILT_PRODUCTS_DIR; };
		9ED92569208B48F7000E74B4 /* Info.plist */ = {isa = PBXFileReference; lastKnownFileType = text.plist.xml; path = Info.plist; sourceTree = "<group>"; };
/* End PBXFileReference section */

/* Begin PBXFrameworksBuildPhase section */
		9ED92561208B48F7000E74B4 /* Frameworks */ = {
			isa = PBXFrameworksBuildPhase;
			buildActionMask = 2147483647;
			files = (
				9E4525E821C2D6C8008B2EEB /* SwiftyToolz.framework in Frameworks */,
			);
			runOnlyForDeploymentPostprocessing = 0;
		};
/* End PBXFrameworksBuildPhase section */

/* Begin PBXGroup section */
		9E56709B21C2D294000498B5 /* Code */ = {
			isa = PBXGroup;
			children = (
				9E56709C21C2D294000498B5 /* Observer.swift */,
				9E56709D21C2D294000498B5 /* Messenger.swift */,
				9E56709E21C2D294000498B5 /* Variable+Numeric.swift */,
				9E56709F21C2D294000498B5 /* ObservableObject.swift */,
				9E5670A021C2D294000498B5 /* Update.swift */,
				9E5670A121C2D294000498B5 /* ObserverList.swift */,
				9E5670A221C2D294000498B5 /* Variable+Equatable.swift */,
				9E5670A321C2D294000498B5 /* Mapping.swift */,
				9E5670A421C2D294000498B5 /* Mapping+StandardMappings.swift */,
				9E5670A521C2D294000498B5 /* FunctionalHelpers.swift */,
				9E5670A621C2D294000498B5 /* Variable+ValueAssignment.swift */,
				9E5670A721C2D294000498B5 /* Observer+ObservationMapper.swift */,
				9E5670A821C2D294000498B5 /* Variable+String.swift */,
				9E5670A921C2D294000498B5 /* Observable+StandardMappings.swift */,
				9E5670AA21C2D294000498B5 /* Observable.swift */,
				9E5670AB21C2D294000498B5 /* Variable.swift */,
				9E5670AC21C2D294000498B5 /* ObservationService.swift */,
				9E5670AD21C2D294000498B5 /* Variable+Comparable.swift */,
				9E5670AE21C2D294000498B5 /* ObservationMapper+StandardMappings.swift */,
				9E5670AF21C2D294000498B5 /* Weak.swift */,
			);
			path = Code;
			sourceTree = "<group>";
		};
		9E992681208BEDF500A24265 /* Frameworks */ = {
			isa = PBXGroup;
			children = (
				9E4525E721C2D6C8008B2EEB /* SwiftyToolz.framework */,
			);
			name = Frameworks;
			sourceTree = "<group>";
		};
		9ED92559208B4883000E74B4 = {
			isa = PBXGroup;
			children = (
				9E56709B21C2D294000498B5 /* Code */,
				9ED92569208B48F7000E74B4 /* Info.plist */,
				9ED92566208B48F7000E74B4 /* Products */,
				9E992681208BEDF500A24265 /* Frameworks */,
			);
			sourceTree = "<group>";
		};
		9ED92566208B48F7000E74B4 /* Products */ = {
			isa = PBXGroup;
			children = (
				9ED92565208B48F7000E74B4 /* SwiftObserver.framework */,
			);
			name = Products;
			sourceTree = "<group>";
		};
/* End PBXGroup section */

/* Begin PBXHeadersBuildPhase section */
		9ED92562208B48F7000E74B4 /* Headers */ = {
			isa = PBXHeadersBuildPhase;
			buildActionMask = 2147483647;
			files = (
			);
			runOnlyForDeploymentPostprocessing = 0;
		};
/* End PBXHeadersBuildPhase section */

/* Begin PBXNativeTarget section */
		9ED92564208B48F7000E74B4 /* SwiftObserver */ = {
			isa = PBXNativeTarget;
			buildConfigurationList = 9ED92577208B48F7000E74B4 /* Build configuration list for PBXNativeTarget "SwiftObserver" */;
			buildPhases = (
				9ED92560208B48F7000E74B4 /* Sources */,
				9ED92561208B48F7000E74B4 /* Frameworks */,
				9ED92562208B48F7000E74B4 /* Headers */,
				9ED92563208B48F7000E74B4 /* Resources */,
				9E203000208BD60C002161F8 /* ShellScript */,
			);
			buildRules = (
			);
			dependencies = (
			);
			name = SwiftObserver;
			productName = SwiftObserver;
			productReference = 9ED92565208B48F7000E74B4 /* SwiftObserver.framework */;
			productType = "com.apple.product-type.framework";
		};
/* End PBXNativeTarget section */

/* Begin PBXProject section */
		9ED9255A208B4883000E74B4 /* Project object */ = {
			isa = PBXProject;
			attributes = {
				LastSwiftUpdateCheck = 0920;
				LastUpgradeCheck = 1010;
				TargetAttributes = {
					9ED92564208B48F7000E74B4 = {
						CreatedOnToolsVersion = 9.2;
						LastSwiftMigration = 1010;
						ProvisioningStyle = Automatic;
					};
				};
			};
			buildConfigurationList = 9ED9255D208B4883000E74B4 /* Build configuration list for PBXProject "SwiftObserver" */;
			compatibilityVersion = "Xcode 8.0";
			developmentRegion = en;
			hasScannedForEncodings = 0;
			knownRegions = (
				en,
			);
			mainGroup = 9ED92559208B4883000E74B4;
			productRefGroup = 9ED92566208B48F7000E74B4 /* Products */;
			projectDirPath = "";
			projectRoot = "";
			targets = (
				9ED92564208B48F7000E74B4 /* SwiftObserver */,
			);
		};
/* End PBXProject section */

/* Begin PBXResourcesBuildPhase section */
		9ED92563208B48F7000E74B4 /* Resources */ = {
			isa = PBXResourcesBuildPhase;
			buildActionMask = 2147483647;
			files = (
			);
			runOnlyForDeploymentPostprocessing = 0;
		};
/* End PBXResourcesBuildPhase section */

/* Begin PBXShellScriptBuildPhase section */
		9E203000208BD60C002161F8 /* ShellScript */ = {
			isa = PBXShellScriptBuildPhase;
			buildActionMask = 2147483647;
			files = (
			);
			inputPaths = (
				"$(SRCROOT)/Carthage/Build/iOS/SwiftyToolz.framework",
			);
			outputPaths = (
				"$(BUILT_PRODUCTS_DIR)/$(FRAMEWORKS_FOLDER_PATH)/SwiftyToolz.framework",
			);
			runOnlyForDeploymentPostprocessing = 0;
			shellPath = /bin/sh;
			shellScript = "/usr/local/bin/carthage copy-frameworks\n";
		};
/* End PBXShellScriptBuildPhase section */

/* Begin PBXSourcesBuildPhase section */
		9ED92560208B48F7000E74B4 /* Sources */ = {
			isa = PBXSourcesBuildPhase;
			buildActionMask = 2147483647;
			files = (
				9E5670BA21C2D294000498B5 /* Variable+ValueAssignment.swift in Sources */,
				9E5670BE21C2D294000498B5 /* Observable.swift in Sources */,
				9E5670B221C2D294000498B5 /* Variable+Numeric.swift in Sources */,
				9E5670B621C2D294000498B5 /* Variable+Equatable.swift in Sources */,
				9E5670B921C2D294000498B5 /* FunctionalHelpers.swift in Sources */,
				9E5670C121C2D294000498B5 /* Variable+Comparable.swift in Sources */,
				9E5670B821C2D294000498B5 /* Mapping+StandardMappings.swift in Sources */,
				9E5670BC21C2D294000498B5 /* Variable+String.swift in Sources */,
				9E5670B321C2D294000498B5 /* ObservableObject.swift in Sources */,
				9E5670C021C2D294000498B5 /* ObservationService.swift in Sources */,
				9E5670BB21C2D294000498B5 /* Observer+ObservationMapper.swift in Sources */,
				9E5670BD21C2D294000498B5 /* Observable+StandardMappings.swift in Sources */,
				9E5670B421C2D294000498B5 /* Update.swift in Sources */,
				9E5670B721C2D294000498B5 /* Mapping.swift in Sources */,
				9E5670B021C2D294000498B5 /* Observer.swift in Sources */,
				9E5670B121C2D294000498B5 /* Messenger.swift in Sources */,
				9E5670C221C2D294000498B5 /* ObservationMapper+StandardMappings.swift in Sources */,
				9E5670C321C2D294000498B5 /* Weak.swift in Sources */,
				9E5670B521C2D294000498B5 /* ObserverList.swift in Sources */,
				9E5670BF21C2D294000498B5 /* Variable.swift in Sources */,
			);
			runOnlyForDeploymentPostprocessing = 0;
		};
/* End PBXSourcesBuildPhase section */

/* Begin XCBuildConfiguration section */
		9ED9255E208B4883000E74B4 /* Debug */ = {
			isa = XCBuildConfiguration;
			buildSettings = {
				CLANG_WARN_BLOCK_CAPTURE_AUTORELEASING = YES;
				CLANG_WARN_BOOL_CONVERSION = YES;
				CLANG_WARN_COMMA = YES;
				CLANG_WARN_CONSTANT_CONVERSION = YES;
				CLANG_WARN_DEPRECATED_OBJC_IMPLEMENTATIONS = YES;
				CLANG_WARN_EMPTY_BODY = YES;
				CLANG_WARN_ENUM_CONVERSION = YES;
				CLANG_WARN_INFINITE_RECURSION = YES;
				CLANG_WARN_INT_CONVERSION = YES;
				CLANG_WARN_NON_LITERAL_NULL_CONVERSION = YES;
				CLANG_WARN_OBJC_IMPLICIT_RETAIN_SELF = YES;
				CLANG_WARN_OBJC_LITERAL_CONVERSION = YES;
				CLANG_WARN_RANGE_LOOP_ANALYSIS = YES;
				CLANG_WARN_STRICT_PROTOTYPES = YES;
				CLANG_WARN_SUSPICIOUS_MOVE = YES;
				CLANG_WARN_UNREACHABLE_CODE = YES;
				CLANG_WARN__DUPLICATE_METHOD_MATCH = YES;
				ENABLE_STRICT_OBJC_MSGSEND = YES;
				ENABLE_TESTABILITY = YES;
				GCC_NO_COMMON_BLOCKS = YES;
				GCC_WARN_64_TO_32_BIT_CONVERSION = YES;
				GCC_WARN_ABOUT_RETURN_TYPE = YES;
				GCC_WARN_UNDECLARED_SELECTOR = YES;
				GCC_WARN_UNINITIALIZED_AUTOS = YES;
				GCC_WARN_UNUSED_FUNCTION = YES;
				GCC_WARN_UNUSED_VARIABLE = YES;
				ONLY_ACTIVE_ARCH = YES;
			};
			name = Debug;
		};
		9ED9255F208B4883000E74B4 /* Release */ = {
			isa = XCBuildConfiguration;
			buildSettings = {
				CLANG_WARN_BLOCK_CAPTURE_AUTORELEASING = YES;
				CLANG_WARN_BOOL_CONVERSION = YES;
				CLANG_WARN_COMMA = YES;
				CLANG_WARN_CONSTANT_CONVERSION = YES;
				CLANG_WARN_DEPRECATED_OBJC_IMPLEMENTATIONS = YES;
				CLANG_WARN_EMPTY_BODY = YES;
				CLANG_WARN_ENUM_CONVERSION = YES;
				CLANG_WARN_INFINITE_RECURSION = YES;
				CLANG_WARN_INT_CONVERSION = YES;
				CLANG_WARN_NON_LITERAL_NULL_CONVERSION = YES;
				CLANG_WARN_OBJC_IMPLICIT_RETAIN_SELF = YES;
				CLANG_WARN_OBJC_LITERAL_CONVERSION = YES;
				CLANG_WARN_RANGE_LOOP_ANALYSIS = YES;
				CLANG_WARN_STRICT_PROTOTYPES = YES;
				CLANG_WARN_SUSPICIOUS_MOVE = YES;
				CLANG_WARN_UNREACHABLE_CODE = YES;
				CLANG_WARN__DUPLICATE_METHOD_MATCH = YES;
				ENABLE_STRICT_OBJC_MSGSEND = YES;
				GCC_NO_COMMON_BLOCKS = YES;
				GCC_WARN_64_TO_32_BIT_CONVERSION = YES;
				GCC_WARN_ABOUT_RETURN_TYPE = YES;
				GCC_WARN_UNDECLARED_SELECTOR = YES;
				GCC_WARN_UNINITIALIZED_AUTOS = YES;
				GCC_WARN_UNUSED_FUNCTION = YES;
				GCC_WARN_UNUSED_VARIABLE = YES;
			};
			name = Release;
		};
		9ED92578208B48F7000E74B4 /* Debug */ = {
			isa = XCBuildConfiguration;
			buildSettings = {
				ALWAYS_SEARCH_USER_PATHS = NO;
				CLANG_ANALYZER_NONNULL = YES;
				CLANG_ANALYZER_NUMBER_OBJECT_CONVERSION = YES_AGGRESSIVE;
				CLANG_CXX_LANGUAGE_STANDARD = "gnu++14";
				CLANG_CXX_LIBRARY = "libc++";
				CLANG_ENABLE_MODULES = YES;
				CLANG_ENABLE_OBJC_ARC = YES;
				CLANG_WARN_BLOCK_CAPTURE_AUTORELEASING = YES;
				CLANG_WARN_BOOL_CONVERSION = YES;
				CLANG_WARN_COMMA = YES;
				CLANG_WARN_CONSTANT_CONVERSION = YES;
				CLANG_WARN_DIRECT_OBJC_ISA_USAGE = YES_ERROR;
				CLANG_WARN_DOCUMENTATION_COMMENTS = YES;
				CLANG_WARN_EMPTY_BODY = YES;
				CLANG_WARN_ENUM_CONVERSION = YES;
				CLANG_WARN_INFINITE_RECURSION = YES;
				CLANG_WARN_INT_CONVERSION = YES;
				CLANG_WARN_NON_LITERAL_NULL_CONVERSION = YES;
				CLANG_WARN_OBJC_LITERAL_CONVERSION = YES;
				CLANG_WARN_OBJC_ROOT_CLASS = YES_ERROR;
				CLANG_WARN_RANGE_LOOP_ANALYSIS = YES;
				CLANG_WARN_STRICT_PROTOTYPES = YES;
				CLANG_WARN_SUSPICIOUS_MOVE = YES;
				CLANG_WARN_UNGUARDED_AVAILABILITY = YES_AGGRESSIVE;
				CLANG_WARN_UNREACHABLE_CODE = YES;
				CLANG_WARN__DUPLICATE_METHOD_MATCH = YES;
				CODE_SIGN_IDENTITY = "";
				CODE_SIGN_STYLE = Automatic;
				COPY_PHASE_STRIP = NO;
				CURRENT_PROJECT_VERSION = 1;
				DEBUG_INFORMATION_FORMAT = dwarf;
				DEFINES_MODULE = YES;
				DYLIB_COMPATIBILITY_VERSION = 1;
				DYLIB_CURRENT_VERSION = 1;
				DYLIB_INSTALL_NAME_BASE = "@rpath";
				ENABLE_STRICT_OBJC_MSGSEND = YES;
				ENABLE_TESTABILITY = YES;
				FRAMEWORK_SEARCH_PATHS = (
					"$(inherited)",
					"$(PROJECT_DIR)/Carthage/Build/iOS",
				);
				GCC_C_LANGUAGE_STANDARD = gnu11;
				GCC_DYNAMIC_NO_PIC = NO;
				GCC_NO_COMMON_BLOCKS = YES;
				GCC_OPTIMIZATION_LEVEL = 0;
				GCC_PREPROCESSOR_DEFINITIONS = (
					"DEBUG=1",
					"$(inherited)",
				);
				GCC_WARN_64_TO_32_BIT_CONVERSION = YES;
				GCC_WARN_ABOUT_RETURN_TYPE = YES_ERROR;
				GCC_WARN_UNDECLARED_SELECTOR = YES;
				GCC_WARN_UNINITIALIZED_AUTOS = YES_AGGRESSIVE;
				GCC_WARN_UNUSED_FUNCTION = YES;
				GCC_WARN_UNUSED_VARIABLE = YES;
				INFOPLIST_FILE = Info.plist;
				INSTALL_PATH = "$(LOCAL_LIBRARY_DIR)/Frameworks";
				IPHONEOS_DEPLOYMENT_TARGET = 11.2;
				LD_RUNPATH_SEARCH_PATHS = "$(inherited) @executable_path/Frameworks @loader_path/Frameworks";
				MTL_ENABLE_DEBUG_INFO = YES;
				ONLY_ACTIVE_ARCH = YES;
				PRODUCT_BUNDLE_IDENTIFIER = com.flowtoolz.SwiftObserver;
				PRODUCT_NAME = "$(TARGET_NAME:c99extidentifier)";
				SDKROOT = iphoneos;
				SKIP_INSTALL = YES;
				SWIFT_ACTIVE_COMPILATION_CONDITIONS = DEBUG;
				SWIFT_OPTIMIZATION_LEVEL = "-Onone";
				SWIFT_VERSION = 4.2;
				TARGETED_DEVICE_FAMILY = "1,2";
				VERSIONING_SYSTEM = "apple-generic";
				VERSION_INFO_PREFIX = "";
			};
			name = Debug;
		};
		9ED92579208B48F7000E74B4 /* Release */ = {
			isa = XCBuildConfiguration;
			buildSettings = {
				ALWAYS_SEARCH_USER_PATHS = NO;
				CLANG_ANALYZER_NONNULL = YES;
				CLANG_ANALYZER_NUMBER_OBJECT_CONVERSION = YES_AGGRESSIVE;
				CLANG_CXX_LANGUAGE_STANDARD = "gnu++14";
				CLANG_CXX_LIBRARY = "libc++";
				CLANG_ENABLE_MODULES = YES;
				CLANG_ENABLE_OBJC_ARC = YES;
				CLANG_WARN_BLOCK_CAPTURE_AUTORELEASING = YES;
				CLANG_WARN_BOOL_CONVERSION = YES;
				CLANG_WARN_COMMA = YES;
				CLANG_WARN_CONSTANT_CONVERSION = YES;
				CLANG_WARN_DIRECT_OBJC_ISA_USAGE = YES_ERROR;
				CLANG_WARN_DOCUMENTATION_COMMENTS = YES;
				CLANG_WARN_EMPTY_BODY = YES;
				CLANG_WARN_ENUM_CONVERSION = YES;
				CLANG_WARN_INFINITE_RECURSION = YES;
				CLANG_WARN_INT_CONVERSION = YES;
				CLANG_WARN_NON_LITERAL_NULL_CONVERSION = YES;
				CLANG_WARN_OBJC_LITERAL_CONVERSION = YES;
				CLANG_WARN_OBJC_ROOT_CLASS = YES_ERROR;
				CLANG_WARN_RANGE_LOOP_ANALYSIS = YES;
				CLANG_WARN_STRICT_PROTOTYPES = YES;
				CLANG_WARN_SUSPICIOUS_MOVE = YES;
				CLANG_WARN_UNGUARDED_AVAILABILITY = YES_AGGRESSIVE;
				CLANG_WARN_UNREACHABLE_CODE = YES;
				CLANG_WARN__DUPLICATE_METHOD_MATCH = YES;
				CODE_SIGN_IDENTITY = "";
				CODE_SIGN_STYLE = Automatic;
				COPY_PHASE_STRIP = NO;
				CURRENT_PROJECT_VERSION = 1;
				DEBUG_INFORMATION_FORMAT = "dwarf-with-dsym";
				DEFINES_MODULE = YES;
				DYLIB_COMPATIBILITY_VERSION = 1;
				DYLIB_CURRENT_VERSION = 1;
				DYLIB_INSTALL_NAME_BASE = "@rpath";
				ENABLE_NS_ASSERTIONS = NO;
				ENABLE_STRICT_OBJC_MSGSEND = YES;
				FRAMEWORK_SEARCH_PATHS = (
					"$(inherited)",
					"$(PROJECT_DIR)/Carthage/Build/iOS",
				);
				GCC_C_LANGUAGE_STANDARD = gnu11;
				GCC_NO_COMMON_BLOCKS = YES;
				GCC_WARN_64_TO_32_BIT_CONVERSION = YES;
				GCC_WARN_ABOUT_RETURN_TYPE = YES_ERROR;
				GCC_WARN_UNDECLARED_SELECTOR = YES;
				GCC_WARN_UNINITIALIZED_AUTOS = YES_AGGRESSIVE;
				GCC_WARN_UNUSED_FUNCTION = YES;
				GCC_WARN_UNUSED_VARIABLE = YES;
				INFOPLIST_FILE = Info.plist;
				INSTALL_PATH = "$(LOCAL_LIBRARY_DIR)/Frameworks";
				IPHONEOS_DEPLOYMENT_TARGET = 11.2;
				LD_RUNPATH_SEARCH_PATHS = "$(inherited) @executable_path/Frameworks @loader_path/Frameworks";
				MTL_ENABLE_DEBUG_INFO = NO;
				PRODUCT_BUNDLE_IDENTIFIER = com.flowtoolz.SwiftObserver;
				PRODUCT_NAME = "$(TARGET_NAME:c99extidentifier)";
				SDKROOT = iphoneos;
				SKIP_INSTALL = YES;
				SWIFT_OPTIMIZATION_LEVEL = "-Owholemodule";
				SWIFT_VERSION = 4.2;
				TARGETED_DEVICE_FAMILY = "1,2";
				VALIDATE_PRODUCT = YES;
				VERSIONING_SYSTEM = "apple-generic";
				VERSION_INFO_PREFIX = "";
			};
			name = Release;
		};
/* End XCBuildConfiguration section */

/* Begin XCConfigurationList section */
		9ED9255D208B4883000E74B4 /* Build configuration list for PBXProject "SwiftObserver" */ = {
			isa = XCConfigurationList;
			buildConfigurations = (
				9ED9255E208B4883000E74B4 /* Debug */,
				9ED9255F208B4883000E74B4 /* Release */,
			);
			defaultConfigurationIsVisible = 0;
			defaultConfigurationName = Release;
		};
		9ED92577208B48F7000E74B4 /* Build configuration list for PBXNativeTarget "SwiftObserver" */ = {
			isa = XCConfigurationList;
			buildConfigurations = (
				9ED92578208B48F7000E74B4 /* Debug */,
				9ED92579208B48F7000E74B4 /* Release */,
			);
			defaultConfigurationIsVisible = 0;
			defaultConfigurationName = Release;
		};
/* End XCConfigurationList section */
	};
	rootObject = 9ED9255A208B4883000E74B4 /* Project object */;
}
