// !$*UTF8*$!
{
	archiveVersion = 1;
	classes = {
	};
	objectVersion = 48;
	objects = {

/* Begin PBXBuildFile section */
		9E202FED208BD30E002161F8 /* AbstractObservable.swift in Sources */ = {isa = PBXBuildFile; fileRef = 9E202FE0208BD30E002161F8 /* AbstractObservable.swift */; };
		9E202FEE208BD30E002161F8 /* AbstractVariable.swift in Sources */ = {isa = PBXBuildFile; fileRef = 9E202FE1208BD30E002161F8 /* AbstractVariable.swift */; };
		9E202FEF208BD30E002161F8 /* CustomObservable.swift in Sources */ = {isa = PBXBuildFile; fileRef = 9E202FE2208BD30E002161F8 /* CustomObservable.swift */; };
		9E202FF0208BD30E002161F8 /* ObservableMapping.swift in Sources */ = {isa = PBXBuildFile; fileRef = 9E202FE3208BD30E002161F8 /* ObservableMapping.swift */; };
		9E202FF1208BD30E002161F8 /* ObservableProtocol.swift in Sources */ = {isa = PBXBuildFile; fileRef = 9E202FE4208BD30E002161F8 /* ObservableProtocol.swift */; };
		9E202FF2208BD30E002161F8 /* ObservableUnwrap.swift in Sources */ = {isa = PBXBuildFile; fileRef = 9E202FE5208BD30E002161F8 /* ObservableUnwrap.swift */; };
		9E202FF3208BD30E002161F8 /* ObservationService.swift in Sources */ = {isa = PBXBuildFile; fileRef = 9E202FE6208BD30E002161F8 /* ObservationService.swift */; };
		9E202FF4208BD30E002161F8 /* Observer.swift in Sources */ = {isa = PBXBuildFile; fileRef = 9E202FE7208BD30E002161F8 /* Observer.swift */; };
		9E202FF5208BD30E002161F8 /* PairVariable.swift in Sources */ = {isa = PBXBuildFile; fileRef = 9E202FE8208BD30E002161F8 /* PairVariable.swift */; };
		9E202FF6208BD30E002161F8 /* NotificationService.swift in Sources */ = {isa = PBXBuildFile; fileRef = 9E202FEA208BD30E002161F8 /* NotificationService.swift */; };
		9E202FF7208BD30E002161F8 /* Update.swift in Sources */ = {isa = PBXBuildFile; fileRef = 9E202FEB208BD30E002161F8 /* Update.swift */; };
		9E202FF8208BD30E002161F8 /* Variable.swift in Sources */ = {isa = PBXBuildFile; fileRef = 9E202FEC208BD30E002161F8 /* Variable.swift */; };
		9E8D1E6E2095639400143080 /* SwiftObserver.framework in Frameworks */ = {isa = PBXBuildFile; fileRef = 9ED92565208B48F7000E74B4 /* SwiftObserver.framework */; };
		9E8D1E75209564C200143080 /* SwiftObserverTests.swift in Sources */ = {isa = PBXBuildFile; fileRef = 9E8D1E74209564C100143080 /* SwiftObserverTests.swift */; };
		9E992683208BEDF500A24265 /* SwiftyToolz.framework in Frameworks */ = {isa = PBXBuildFile; fileRef = 9E992682208BEDF500A24265 /* SwiftyToolz.framework */; };
/* End PBXBuildFile section */

/* Begin PBXContainerItemProxy section */
		9E8D1E6F2095639400143080 /* PBXContainerItemProxy */ = {
			isa = PBXContainerItemProxy;
			containerPortal = 9ED9255A208B4883000E74B4 /* Project object */;
			proxyType = 1;
			remoteGlobalIDString = 9ED92564208B48F7000E74B4;
			remoteInfo = SwiftObserver;
		};
/* End PBXContainerItemProxy section */

/* Begin PBXFileReference section */
		9E202FE0208BD30E002161F8 /* AbstractObservable.swift */ = {isa = PBXFileReference; fileEncoding = 4; lastKnownFileType = sourcecode.swift; path = AbstractObservable.swift; sourceTree = "<group>"; };
		9E202FE1208BD30E002161F8 /* AbstractVariable.swift */ = {isa = PBXFileReference; fileEncoding = 4; lastKnownFileType = sourcecode.swift; path = AbstractVariable.swift; sourceTree = "<group>"; };
		9E202FE2208BD30E002161F8 /* CustomObservable.swift */ = {isa = PBXFileReference; fileEncoding = 4; lastKnownFileType = sourcecode.swift; path = CustomObservable.swift; sourceTree = "<group>"; };
		9E202FE3208BD30E002161F8 /* ObservableMapping.swift */ = {isa = PBXFileReference; fileEncoding = 4; lastKnownFileType = sourcecode.swift; path = ObservableMapping.swift; sourceTree = "<group>"; };
		9E202FE4208BD30E002161F8 /* ObservableProtocol.swift */ = {isa = PBXFileReference; fileEncoding = 4; lastKnownFileType = sourcecode.swift; path = ObservableProtocol.swift; sourceTree = "<group>"; };
		9E202FE5208BD30E002161F8 /* ObservableUnwrap.swift */ = {isa = PBXFileReference; fileEncoding = 4; lastKnownFileType = sourcecode.swift; path = ObservableUnwrap.swift; sourceTree = "<group>"; };
		9E202FE6208BD30E002161F8 /* ObservationService.swift */ = {isa = PBXFileReference; fileEncoding = 4; lastKnownFileType = sourcecode.swift; path = ObservationService.swift; sourceTree = "<group>"; };
		9E202FE7208BD30E002161F8 /* Observer.swift */ = {isa = PBXFileReference; fileEncoding = 4; lastKnownFileType = sourcecode.swift; path = Observer.swift; sourceTree = "<group>"; };
		9E202FE8208BD30E002161F8 /* PairVariable.swift */ = {isa = PBXFileReference; fileEncoding = 4; lastKnownFileType = sourcecode.swift; path = PairVariable.swift; sourceTree = "<group>"; };
		9E202FEA208BD30E002161F8 /* NotificationService.swift */ = {isa = PBXFileReference; fileEncoding = 4; lastKnownFileType = sourcecode.swift; path = NotificationService.swift; sourceTree = "<group>"; };
		9E202FEB208BD30E002161F8 /* Update.swift */ = {isa = PBXFileReference; fileEncoding = 4; lastKnownFileType = sourcecode.swift; path = Update.swift; sourceTree = "<group>"; };
		9E202FEC208BD30E002161F8 /* Variable.swift */ = {isa = PBXFileReference; fileEncoding = 4; lastKnownFileType = sourcecode.swift; path = Variable.swift; sourceTree = "<group>"; };
		9E8D1E692095639400143080 /* SwiftObserverTests.xctest */ = {isa = PBXFileReference; explicitFileType = wrapper.cfbundle; includeInIndex = 0; path = SwiftObserverTests.xctest; sourceTree = BUILT_PRODUCTS_DIR; };
		9E8D1E6D2095639400143080 /* Info.plist */ = {isa = PBXFileReference; lastKnownFileType = text.plist.xml; path = Info.plist; sourceTree = "<group>"; };
		9E8D1E74209564C100143080 /* SwiftObserverTests.swift */ = {isa = PBXFileReference; fileEncoding = 4; lastKnownFileType = sourcecode.swift; path = SwiftObserverTests.swift; sourceTree = "<group>"; };
		9E992682208BEDF500A24265 /* SwiftyToolz.framework */ = {isa = PBXFileReference; lastKnownFileType = wrapper.framework; name = SwiftyToolz.framework; path = Carthage/Build/iOS/SwiftyToolz.framework; sourceTree = "<group>"; };
		9ED92565208B48F7000E74B4 /* SwiftObserver.framework */ = {isa = PBXFileReference; explicitFileType = wrapper.framework; includeInIndex = 0; path = SwiftObserver.framework; sourceTree = BUILT_PRODUCTS_DIR; };
		9ED92569208B48F7000E74B4 /* Info.plist */ = {isa = PBXFileReference; lastKnownFileType = text.plist.xml; path = Info.plist; sourceTree = "<group>"; };
/* End PBXFileReference section */

/* Begin PBXFrameworksBuildPhase section */
		9E8D1E662095639400143080 /* Frameworks */ = {
			isa = PBXFrameworksBuildPhase;
			buildActionMask = 2147483647;
			files = (
				9E8D1E6E2095639400143080 /* SwiftObserver.framework in Frameworks */,
			);
			runOnlyForDeploymentPostprocessing = 0;
		};
		9ED92561208B48F7000E74B4 /* Frameworks */ = {
			isa = PBXFrameworksBuildPhase;
			buildActionMask = 2147483647;
			files = (
				9E992683208BEDF500A24265 /* SwiftyToolz.framework in Frameworks */,
			);
			runOnlyForDeploymentPostprocessing = 0;
		};
/* End PBXFrameworksBuildPhase section */

/* Begin PBXGroup section */
		9E202FDF208BD30E002161F8 /* Code */ = {
			isa = PBXGroup;
			children = (
				9E202FE0208BD30E002161F8 /* AbstractObservable.swift */,
				9E202FE1208BD30E002161F8 /* AbstractVariable.swift */,
				9E202FE2208BD30E002161F8 /* CustomObservable.swift */,
				9E202FE3208BD30E002161F8 /* ObservableMapping.swift */,
				9E202FE4208BD30E002161F8 /* ObservableProtocol.swift */,
				9E202FE5208BD30E002161F8 /* ObservableUnwrap.swift */,
				9E202FE6208BD30E002161F8 /* ObservationService.swift */,
				9E202FE7208BD30E002161F8 /* Observer.swift */,
				9E202FE8208BD30E002161F8 /* PairVariable.swift */,
				9E202FE9208BD30E002161F8 /* SwiftNotifier */,
				9E202FEB208BD30E002161F8 /* Update.swift */,
				9E202FEC208BD30E002161F8 /* Variable.swift */,
			);
			path = Code;
			sourceTree = "<group>";
		};
		9E202FE9208BD30E002161F8 /* SwiftNotifier */ = {
			isa = PBXGroup;
			children = (
				9E202FEA208BD30E002161F8 /* NotificationService.swift */,
			);
			path = SwiftNotifier;
			sourceTree = "<group>";
		};
		9E8D1E6A2095639400143080 /* SwiftObserverTests */ = {
			isa = PBXGroup;
			children = (
				9E8D1E74209564C100143080 /* SwiftObserverTests.swift */,
				9E8D1E6D2095639400143080 /* Info.plist */,
			);
			path = SwiftObserverTests;
			sourceTree = "<group>";
		};
		9E992681208BEDF500A24265 /* Frameworks */ = {
			isa = PBXGroup;
			children = (
				9E992682208BEDF500A24265 /* SwiftyToolz.framework */,
			);
			name = Frameworks;
			sourceTree = "<group>";
		};
		9ED92559208B4883000E74B4 = {
			isa = PBXGroup;
			children = (
				9E202FDF208BD30E002161F8 /* Code */,
				9ED92569208B48F7000E74B4 /* Info.plist */,
				9E8D1E6A2095639400143080 /* SwiftObserverTests */,
				9ED92566208B48F7000E74B4 /* Products */,
				9E992681208BEDF500A24265 /* Frameworks */,
			);
			sourceTree = "<group>";
		};
		9ED92566208B48F7000E74B4 /* Products */ = {
			isa = PBXGroup;
			children = (
				9ED92565208B48F7000E74B4 /* SwiftObserver.framework */,
				9E8D1E692095639400143080 /* SwiftObserverTests.xctest */,
			);
			name = Products;
			sourceTree = "<group>";
		};
/* End PBXGroup section */

/* Begin PBXHeadersBuildPhase section */
		9ED92562208B48F7000E74B4 /* Headers */ = {
			isa = PBXHeadersBuildPhase;
			buildActionMask = 2147483647;
			files = (
			);
			runOnlyForDeploymentPostprocessing = 0;
		};
/* End PBXHeadersBuildPhase section */

/* Begin PBXNativeTarget section */
		9E8D1E682095639400143080 /* SwiftObserverTests */ = {
			isa = PBXNativeTarget;
			buildConfigurationList = 9E8D1E732095639400143080 /* Build configuration list for PBXNativeTarget "SwiftObserverTests" */;
			buildPhases = (
				9E8D1E652095639400143080 /* Sources */,
				9E8D1E662095639400143080 /* Frameworks */,
				9E8D1E672095639400143080 /* Resources */,
			);
			buildRules = (
			);
			dependencies = (
				9E8D1E702095639400143080 /* PBXTargetDependency */,
			);
			name = SwiftObserverTests;
			productName = SwiftObserverTests;
			productReference = 9E8D1E692095639400143080 /* SwiftObserverTests.xctest */;
			productType = "com.apple.product-type.bundle.unit-test";
		};
		9ED92564208B48F7000E74B4 /* SwiftObserver */ = {
			isa = PBXNativeTarget;
			buildConfigurationList = 9ED92577208B48F7000E74B4 /* Build configuration list for PBXNativeTarget "SwiftObserver" */;
			buildPhases = (
				9ED92560208B48F7000E74B4 /* Sources */,
				9ED92561208B48F7000E74B4 /* Frameworks */,
				9ED92562208B48F7000E74B4 /* Headers */,
				9ED92563208B48F7000E74B4 /* Resources */,
				9E203000208BD60C002161F8 /* ShellScript */,
			);
			buildRules = (
			);
			dependencies = (
			);
			name = SwiftObserver;
			productName = SwiftObserver;
			productReference = 9ED92565208B48F7000E74B4 /* SwiftObserver.framework */;
			productType = "com.apple.product-type.framework";
		};
/* End PBXNativeTarget section */

/* Begin PBXProject section */
		9ED9255A208B4883000E74B4 /* Project object */ = {
			isa = PBXProject;
			attributes = {
				LastSwiftUpdateCheck = 0920;
				LastUpgradeCheck = 0920;
				TargetAttributes = {
					9E8D1E682095639400143080 = {
						CreatedOnToolsVersion = 9.2;
						LastSwiftMigration = 0920;
						ProvisioningStyle = Automatic;
					};
					9ED92564208B48F7000E74B4 = {
						CreatedOnToolsVersion = 9.2;
						ProvisioningStyle = Automatic;
					};
				};
			};
			buildConfigurationList = 9ED9255D208B4883000E74B4 /* Build configuration list for PBXProject "SwiftObserver" */;
			compatibilityVersion = "Xcode 8.0";
			developmentRegion = en;
			hasScannedForEncodings = 0;
			knownRegions = (
				en,
			);
			mainGroup = 9ED92559208B4883000E74B4;
			productRefGroup = 9ED92566208B48F7000E74B4 /* Products */;
			projectDirPath = "";
			projectRoot = "";
			targets = (
				9ED92564208B48F7000E74B4 /* SwiftObserver */,
				9E8D1E682095639400143080 /* SwiftObserverTests */,
			);
		};
/* End PBXProject section */

/* Begin PBXResourcesBuildPhase section */
		9E8D1E672095639400143080 /* Resources */ = {
			isa = PBXResourcesBuildPhase;
			buildActionMask = 2147483647;
			files = (
			);
			runOnlyForDeploymentPostprocessing = 0;
		};
		9ED92563208B48F7000E74B4 /* Resources */ = {
			isa = PBXResourcesBuildPhase;
			buildActionMask = 2147483647;
			files = (
			);
			runOnlyForDeploymentPostprocessing = 0;
		};
/* End PBXResourcesBuildPhase section */

/* Begin PBXShellScriptBuildPhase section */
		9E203000208BD60C002161F8 /* ShellScript */ = {
			isa = PBXShellScriptBuildPhase;
			buildActionMask = 2147483647;
			files = (
			);
			inputPaths = (
				"$(SRCROOT)/Carthage/Build/iOS/SwiftyToolz.framework",
			);
			outputPaths = (
				"$(BUILT_PRODUCTS_DIR)/$(FRAMEWORKS_FOLDER_PATH)/SwiftyToolz.framework",
			);
			runOnlyForDeploymentPostprocessing = 0;
			shellPath = /bin/sh;
			shellScript = "/usr/local/bin/carthage copy-frameworks";
		};
/* End PBXShellScriptBuildPhase section */

/* Begin PBXSourcesBuildPhase section */
		9E8D1E652095639400143080 /* Sources */ = {
			isa = PBXSourcesBuildPhase;
			buildActionMask = 2147483647;
			files = (
				9E8D1E75209564C200143080 /* SwiftObserverTests.swift in Sources */,
			);
			runOnlyForDeploymentPostprocessing = 0;
		};
		9ED92560208B48F7000E74B4 /* Sources */ = {
			isa = PBXSourcesBuildPhase;
			buildActionMask = 2147483647;
			files = (
				9E202FF7208BD30E002161F8 /* Update.swift in Sources */,
				9E202FED208BD30E002161F8 /* AbstractObservable.swift in Sources */,
				9E202FF4208BD30E002161F8 /* Observer.swift in Sources */,
				9E202FEF208BD30E002161F8 /* CustomObservable.swift in Sources */,
				9E202FEE208BD30E002161F8 /* AbstractVariable.swift in Sources */,
				9E202FF3208BD30E002161F8 /* ObservationService.swift in Sources */,
				9E202FF0208BD30E002161F8 /* ObservableMapping.swift in Sources */,
				9E202FF8208BD30E002161F8 /* Variable.swift in Sources */,
				9E202FF1208BD30E002161F8 /* ObservableProtocol.swift in Sources */,
				9E202FF5208BD30E002161F8 /* PairVariable.swift in Sources */,
				9E202FF6208BD30E002161F8 /* NotificationService.swift in Sources */,
				9E202FF2208BD30E002161F8 /* ObservableUnwrap.swift in Sources */,
			);
			runOnlyForDeploymentPostprocessing = 0;
		};
/* End PBXSourcesBuildPhase section */

/* Begin PBXTargetDependency section */
		9E8D1E702095639400143080 /* PBXTargetDependency */ = {
			isa = PBXTargetDependency;
			target = 9ED92564208B48F7000E74B4 /* SwiftObserver */;
			targetProxy = 9E8D1E6F2095639400143080 /* PBXContainerItemProxy */;
		};
/* End PBXTargetDependency section */

/* Begin XCBuildConfiguration section */
		9E8D1E712095639400143080 /* Debug */ = {
			isa = XCBuildConfiguration;
			buildSettings = {
				ALWAYS_SEARCH_USER_PATHS = NO;
				CLANG_ANALYZER_NONNULL = YES;
				CLANG_ANALYZER_NUMBER_OBJECT_CONVERSION = YES_AGGRESSIVE;
				CLANG_CXX_LANGUAGE_STANDARD = "gnu++14";
				CLANG_CXX_LIBRARY = "libc++";
				CLANG_ENABLE_MODULES = YES;
				CLANG_ENABLE_OBJC_ARC = YES;
				CLANG_WARN_BLOCK_CAPTURE_AUTORELEASING = YES;
				CLANG_WARN_BOOL_CONVERSION = YES;
				CLANG_WARN_COMMA = YES;
				CLANG_WARN_CONSTANT_CONVERSION = YES;
				CLANG_WARN_DIRECT_OBJC_ISA_USAGE = YES_ERROR;
				CLANG_WARN_DOCUMENTATION_COMMENTS = YES;
				CLANG_WARN_EMPTY_BODY = YES;
				CLANG_WARN_ENUM_CONVERSION = YES;
				CLANG_WARN_INFINITE_RECURSION = YES;
				CLANG_WARN_INT_CONVERSION = YES;
				CLANG_WARN_NON_LITERAL_NULL_CONVERSION = YES;
				CLANG_WARN_OBJC_LITERAL_CONVERSION = YES;
				CLANG_WARN_OBJC_ROOT_CLASS = YES_ERROR;
				CLANG_WARN_RANGE_LOOP_ANALYSIS = YES;
				CLANG_WARN_STRICT_PROTOTYPES = YES;
				CLANG_WARN_SUSPICIOUS_MOVE = YES;
				CLANG_WARN_UNGUARDED_AVAILABILITY = YES_AGGRESSIVE;
				CLANG_WARN_UNREACHABLE_CODE = YES;
				CLANG_WARN__DUPLICATE_METHOD_MATCH = YES;
				CODE_SIGN_IDENTITY = "iPhone Developer";
				CODE_SIGN_STYLE = Automatic;
				COPY_PHASE_STRIP = NO;
				DEBUG_INFORMATION_FORMAT = dwarf;
				ENABLE_STRICT_OBJC_MSGSEND = YES;
				ENABLE_TESTABILITY = YES;
				GCC_C_LANGUAGE_STANDARD = gnu11;
				GCC_DYNAMIC_NO_PIC = NO;
				GCC_NO_COMMON_BLOCKS = YES;
				GCC_OPTIMIZATION_LEVEL = 0;
				GCC_PREPROCESSOR_DEFINITIONS = (
					"DEBUG=1",
					"$(inherited)",
				);
				GCC_WARN_64_TO_32_BIT_CONVERSION = YES;
				GCC_WARN_ABOUT_RETURN_TYPE = YES_ERROR;
				GCC_WARN_UNDECLARED_SELECTOR = YES;
				GCC_WARN_UNINITIALIZED_AUTOS = YES_AGGRESSIVE;
				GCC_WARN_UNUSED_FUNCTION = YES;
				GCC_WARN_UNUSED_VARIABLE = YES;
				INFOPLIST_FILE = SwiftObserverTests/Info.plist;
				IPHONEOS_DEPLOYMENT_TARGET = 11.2;
				LD_RUNPATH_SEARCH_PATHS = "$(inherited) @executable_path/Frameworks @loader_path/Frameworks";
				MTL_ENABLE_DEBUG_INFO = YES;
				ONLY_ACTIVE_ARCH = YES;
				PRODUCT_BUNDLE_IDENTIFIER = com.flowtoolz.SwiftObserverTests;
				PRODUCT_NAME = "$(TARGET_NAME)";
				SDKROOT = iphoneos;
				SWIFT_ACTIVE_COMPILATION_CONDITIONS = DEBUG;
				SWIFT_OPTIMIZATION_LEVEL = "-Onone";
				SWIFT_VERSION = 4.0;
				TARGETED_DEVICE_FAMILY = "1,2";
			};
			name = Debug;
		};
		9E8D1E722095639400143080 /* Release */ = {
			isa = XCBuildConfiguration;
			buildSettings = {
				ALWAYS_SEARCH_USER_PATHS = NO;
				CLANG_ANALYZER_NONNULL = YES;
				CLANG_ANALYZER_NUMBER_OBJECT_CONVERSION = YES_AGGRESSIVE;
				CLANG_CXX_LANGUAGE_STANDARD = "gnu++14";
				CLANG_CXX_LIBRARY = "libc++";
				CLANG_ENABLE_MODULES = YES;
				CLANG_ENABLE_OBJC_ARC = YES;
				CLANG_WARN_BLOCK_CAPTURE_AUTORELEASING = YES;
				CLANG_WARN_BOOL_CONVERSION = YES;
				CLANG_WARN_COMMA = YES;
				CLANG_WARN_CONSTANT_CONVERSION = YES;
				CLANG_WARN_DIRECT_OBJC_ISA_USAGE = YES_ERROR;
				CLANG_WARN_DOCUMENTATION_COMMENTS = YES;
				CLANG_WARN_EMPTY_BODY = YES;
				CLANG_WARN_ENUM_CONVERSION = YES;
				CLANG_WARN_INFINITE_RECURSION = YES;
				CLANG_WARN_INT_CONVERSION = YES;
				CLANG_WARN_NON_LITERAL_NULL_CONVERSION = YES;
				CLANG_WARN_OBJC_LITERAL_CONVERSION = YES;
				CLANG_WARN_OBJC_ROOT_CLASS = YES_ERROR;
				CLANG_WARN_RANGE_LOOP_ANALYSIS = YES;
				CLANG_WARN_STRICT_PROTOTYPES = YES;
				CLANG_WARN_SUSPICIOUS_MOVE = YES;
				CLANG_WARN_UNGUARDED_AVAILABILITY = YES_AGGRESSIVE;
				CLANG_WARN_UNREACHABLE_CODE = YES;
				CLANG_WARN__DUPLICATE_METHOD_MATCH = YES;
				CODE_SIGN_IDENTITY = "iPhone Developer";
				CODE_SIGN_STYLE = Automatic;
				COPY_PHASE_STRIP = NO;
				DEBUG_INFORMATION_FORMAT = "dwarf-with-dsym";
				ENABLE_NS_ASSERTIONS = NO;
				ENABLE_STRICT_OBJC_MSGSEND = YES;
				GCC_C_LANGUAGE_STANDARD = gnu11;
				GCC_NO_COMMON_BLOCKS = YES;
				GCC_WARN_64_TO_32_BIT_CONVERSION = YES;
				GCC_WARN_ABOUT_RETURN_TYPE = YES_ERROR;
				GCC_WARN_UNDECLARED_SELECTOR = YES;
				GCC_WARN_UNINITIALIZED_AUTOS = YES_AGGRESSIVE;
				GCC_WARN_UNUSED_FUNCTION = YES;
				GCC_WARN_UNUSED_VARIABLE = YES;
				INFOPLIST_FILE = SwiftObserverTests/Info.plist;
				IPHONEOS_DEPLOYMENT_TARGET = 11.2;
				LD_RUNPATH_SEARCH_PATHS = "$(inherited) @executable_path/Frameworks @loader_path/Frameworks";
				MTL_ENABLE_DEBUG_INFO = NO;
				PRODUCT_BUNDLE_IDENTIFIER = com.flowtoolz.SwiftObserverTests;
				PRODUCT_NAME = "$(TARGET_NAME)";
				SDKROOT = iphoneos;
				SWIFT_OPTIMIZATION_LEVEL = "-Owholemodule";
				SWIFT_VERSION = 4.0;
				TARGETED_DEVICE_FAMILY = "1,2";
				VALIDATE_PRODUCT = YES;
			};
			name = Release;
		};
		9ED9255E208B4883000E74B4 /* Debug */ = {
			isa = XCBuildConfiguration;
			buildSettings = {
			};
			name = Debug;
		};
		9ED9255F208B4883000E74B4 /* Release */ = {
			isa = XCBuildConfiguration;
			buildSettings = {
			};
			name = Release;
		};
		9ED92578208B48F7000E74B4 /* Debug */ = {
			isa = XCBuildConfiguration;
			buildSettings = {
				ALWAYS_SEARCH_USER_PATHS = NO;
				CLANG_ANALYZER_NONNULL = YES;
				CLANG_ANALYZER_NUMBER_OBJECT_CONVERSION = YES_AGGRESSIVE;
				CLANG_CXX_LANGUAGE_STANDARD = "gnu++14";
				CLANG_CXX_LIBRARY = "libc++";
				CLANG_ENABLE_MODULES = YES;
				CLANG_ENABLE_OBJC_ARC = YES;
				CLANG_WARN_BLOCK_CAPTURE_AUTORELEASING = YES;
				CLANG_WARN_BOOL_CONVERSION = YES;
				CLANG_WARN_COMMA = YES;
				CLANG_WARN_CONSTANT_CONVERSION = YES;
				CLANG_WARN_DIRECT_OBJC_ISA_USAGE = YES_ERROR;
				CLANG_WARN_DOCUMENTATION_COMMENTS = YES;
				CLANG_WARN_EMPTY_BODY = YES;
				CLANG_WARN_ENUM_CONVERSION = YES;
				CLANG_WARN_INFINITE_RECURSION = YES;
				CLANG_WARN_INT_CONVERSION = YES;
				CLANG_WARN_NON_LITERAL_NULL_CONVERSION = YES;
				CLANG_WARN_OBJC_LITERAL_CONVERSION = YES;
				CLANG_WARN_OBJC_ROOT_CLASS = YES_ERROR;
				CLANG_WARN_RANGE_LOOP_ANALYSIS = YES;
				CLANG_WARN_STRICT_PROTOTYPES = YES;
				CLANG_WARN_SUSPICIOUS_MOVE = YES;
				CLANG_WARN_UNGUARDED_AVAILABILITY = YES_AGGRESSIVE;
				CLANG_WARN_UNREACHABLE_CODE = YES;
				CLANG_WARN__DUPLICATE_METHOD_MATCH = YES;
				CODE_SIGN_IDENTITY = "iPhone Developer";
				CODE_SIGN_STYLE = Automatic;
				COPY_PHASE_STRIP = NO;
				CURRENT_PROJECT_VERSION = 1;
				DEBUG_INFORMATION_FORMAT = dwarf;
				DEFINES_MODULE = YES;
				DYLIB_COMPATIBILITY_VERSION = 1;
				DYLIB_CURRENT_VERSION = 1;
				DYLIB_INSTALL_NAME_BASE = "@rpath";
				ENABLE_STRICT_OBJC_MSGSEND = YES;
				ENABLE_TESTABILITY = YES;
				FRAMEWORK_SEARCH_PATHS = (
					"$(inherited)",
					"$(PROJECT_DIR)/Carthage/Build/iOS",
				);
				GCC_C_LANGUAGE_STANDARD = gnu11;
				GCC_DYNAMIC_NO_PIC = NO;
				GCC_NO_COMMON_BLOCKS = YES;
				GCC_OPTIMIZATION_LEVEL = 0;
				GCC_PREPROCESSOR_DEFINITIONS = (
					"DEBUG=1",
					"$(inherited)",
				);
				GCC_WARN_64_TO_32_BIT_CONVERSION = YES;
				GCC_WARN_ABOUT_RETURN_TYPE = YES_ERROR;
				GCC_WARN_UNDECLARED_SELECTOR = YES;
				GCC_WARN_UNINITIALIZED_AUTOS = YES_AGGRESSIVE;
				GCC_WARN_UNUSED_FUNCTION = YES;
				GCC_WARN_UNUSED_VARIABLE = YES;
				INFOPLIST_FILE = Info.plist;
				INSTALL_PATH = "$(LOCAL_LIBRARY_DIR)/Frameworks";
				IPHONEOS_DEPLOYMENT_TARGET = 11.2;
				LD_RUNPATH_SEARCH_PATHS = "$(inherited) @executable_path/Frameworks @loader_path/Frameworks";
				MTL_ENABLE_DEBUG_INFO = YES;
				ONLY_ACTIVE_ARCH = YES;
				PRODUCT_BUNDLE_IDENTIFIER = com.flowtoolz.SwiftObserver;
				PRODUCT_NAME = "$(TARGET_NAME:c99extidentifier)";
				SDKROOT = iphoneos;
				SKIP_INSTALL = YES;
				SWIFT_ACTIVE_COMPILATION_CONDITIONS = DEBUG;
				SWIFT_OPTIMIZATION_LEVEL = "-Onone";
				SWIFT_VERSION = 4.0;
				TARGETED_DEVICE_FAMILY = "1,2";
				VERSIONING_SYSTEM = "apple-generic";
				VERSION_INFO_PREFIX = "";
			};
			name = Debug;
		};
		9ED92579208B48F7000E74B4 /* Release */ = {
			isa = XCBuildConfiguration;
			buildSettings = {
				ALWAYS_SEARCH_USER_PATHS = NO;
				CLANG_ANALYZER_NONNULL = YES;
				CLANG_ANALYZER_NUMBER_OBJECT_CONVERSION = YES_AGGRESSIVE;
				CLANG_CXX_LANGUAGE_STANDARD = "gnu++14";
				CLANG_CXX_LIBRARY = "libc++";
				CLANG_ENABLE_MODULES = YES;
				CLANG_ENABLE_OBJC_ARC = YES;
				CLANG_WARN_BLOCK_CAPTURE_AUTORELEASING = YES;
				CLANG_WARN_BOOL_CONVERSION = YES;
				CLANG_WARN_COMMA = YES;
				CLANG_WARN_CONSTANT_CONVERSION = YES;
				CLANG_WARN_DIRECT_OBJC_ISA_USAGE = YES_ERROR;
				CLANG_WARN_DOCUMENTATION_COMMENTS = YES;
				CLANG_WARN_EMPTY_BODY = YES;
				CLANG_WARN_ENUM_CONVERSION = YES;
				CLANG_WARN_INFINITE_RECURSION = YES;
				CLANG_WARN_INT_CONVERSION = YES;
				CLANG_WARN_NON_LITERAL_NULL_CONVERSION = YES;
				CLANG_WARN_OBJC_LITERAL_CONVERSION = YES;
				CLANG_WARN_OBJC_ROOT_CLASS = YES_ERROR;
				CLANG_WARN_RANGE_LOOP_ANALYSIS = YES;
				CLANG_WARN_STRICT_PROTOTYPES = YES;
				CLANG_WARN_SUSPICIOUS_MOVE = YES;
				CLANG_WARN_UNGUARDED_AVAILABILITY = YES_AGGRESSIVE;
				CLANG_WARN_UNREACHABLE_CODE = YES;
				CLANG_WARN__DUPLICATE_METHOD_MATCH = YES;
				CODE_SIGN_IDENTITY = "iPhone Developer";
				CODE_SIGN_STYLE = Automatic;
				COPY_PHASE_STRIP = NO;
				CURRENT_PROJECT_VERSION = 1;
				DEBUG_INFORMATION_FORMAT = "dwarf-with-dsym";
				DEFINES_MODULE = YES;
				DYLIB_COMPATIBILITY_VERSION = 1;
				DYLIB_CURRENT_VERSION = 1;
				DYLIB_INSTALL_NAME_BASE = "@rpath";
				ENABLE_NS_ASSERTIONS = NO;
				ENABLE_STRICT_OBJC_MSGSEND = YES;
				FRAMEWORK_SEARCH_PATHS = (
					"$(inherited)",
					"$(PROJECT_DIR)/Carthage/Build/iOS",
				);
				GCC_C_LANGUAGE_STANDARD = gnu11;
				GCC_NO_COMMON_BLOCKS = YES;
				GCC_WARN_64_TO_32_BIT_CONVERSION = YES;
				GCC_WARN_ABOUT_RETURN_TYPE = YES_ERROR;
				GCC_WARN_UNDECLARED_SELECTOR = YES;
				GCC_WARN_UNINITIALIZED_AUTOS = YES_AGGRESSIVE;
				GCC_WARN_UNUSED_FUNCTION = YES;
				GCC_WARN_UNUSED_VARIABLE = YES;
				INFOPLIST_FILE = Info.plist;
				INSTALL_PATH = "$(LOCAL_LIBRARY_DIR)/Frameworks";
				IPHONEOS_DEPLOYMENT_TARGET = 11.2;
				LD_RUNPATH_SEARCH_PATHS = "$(inherited) @executable_path/Frameworks @loader_path/Frameworks";
				MTL_ENABLE_DEBUG_INFO = NO;
				PRODUCT_BUNDLE_IDENTIFIER = com.flowtoolz.SwiftObserver;
				PRODUCT_NAME = "$(TARGET_NAME:c99extidentifier)";
				SDKROOT = iphoneos;
				SKIP_INSTALL = YES;
				SWIFT_OPTIMIZATION_LEVEL = "-Owholemodule";
				SWIFT_VERSION = 4.0;
				TARGETED_DEVICE_FAMILY = "1,2";
				VALIDATE_PRODUCT = YES;
				VERSIONING_SYSTEM = "apple-generic";
				VERSION_INFO_PREFIX = "";
			};
			name = Release;
		};
/* End XCBuildConfiguration section */

/* Begin XCConfigurationList section */
		9E8D1E732095639400143080 /* Build configuration list for PBXNativeTarget "SwiftObserverTests" */ = {
			isa = XCConfigurationList;
			buildConfigurations = (
				9E8D1E712095639400143080 /* Debug */,
				9E8D1E722095639400143080 /* Release */,
			);
			defaultConfigurationIsVisible = 0;
			defaultConfigurationName = Release;
		};
		9ED9255D208B4883000E74B4 /* Build configuration list for PBXProject "SwiftObserver" */ = {
			isa = XCConfigurationList;
			buildConfigurations = (
				9ED9255E208B4883000E74B4 /* Debug */,
				9ED9255F208B4883000E74B4 /* Release */,
			);
			defaultConfigurationIsVisible = 0;
			defaultConfigurationName = Release;
		};
		9ED92577208B48F7000E74B4 /* Build configuration list for PBXNativeTarget "SwiftObserver" */ = {
			isa = XCConfigurationList;
			buildConfigurations = (
				9ED92578208B48F7000E74B4 /* Debug */,
				9ED92579208B48F7000E74B4 /* Release */,
			);
			defaultConfigurationIsVisible = 0;
			defaultConfigurationName = Release;
		};
/* End XCConfigurationList section */
	};
	rootObject = 9ED9255A208B4883000E74B4 /* Project object */;
}
